// !$*UTF8*$!
{
	archiveVersion = 1;
	classes = {
	};
	objectVersion = 52;
	objects = {

/* Begin PBXBuildFile section */
		404C4962272DB9C600213C7A /* NewsTableViewController.swift in Sources */ = {isa = PBXBuildFile; fileRef = 404C4961272DB9C600213C7A /* NewsTableViewController.swift */; };
		404C4964272DED7400213C7A /* VKNews.swift in Sources */ = {isa = PBXBuildFile; fileRef = 404C4963272DED7400213C7A /* VKNews.swift */; };
		404C49692730276600213C7A /* TextNewsCell.swift in Sources */ = {isa = PBXBuildFile; fileRef = 404C49672730276600213C7A /* TextNewsCell.swift */; };
		404C496A2730276600213C7A /* TextNewsCell.xib in Resources */ = {isa = PBXBuildFile; fileRef = 404C49682730276600213C7A /* TextNewsCell.xib */; };
		404C496D2730278500213C7A /* PhotosNewsCell.swift in Sources */ = {isa = PBXBuildFile; fileRef = 404C496B2730278500213C7A /* PhotosNewsCell.swift */; };
		404C496E2730278500213C7A /* PhotosNewsCell.xib in Resources */ = {isa = PBXBuildFile; fileRef = 404C496C2730278500213C7A /* PhotosNewsCell.xib */; };
		404C4971273027AD00213C7A /* DocsNewsCell.swift in Sources */ = {isa = PBXBuildFile; fileRef = 404C496F273027AD00213C7A /* DocsNewsCell.swift */; };
		404C4972273027AD00213C7A /* DocsNewsCell.xib in Resources */ = {isa = PBXBuildFile; fileRef = 404C4970273027AD00213C7A /* DocsNewsCell.xib */; };
		404C497427302C1D00213C7A /* HeaderNewsView.swift in Sources */ = {isa = PBXBuildFile; fileRef = 404C497327302C1D00213C7A /* HeaderNewsView.swift */; };
		404C497627302C7700213C7A /* FooterNewsView.swift in Sources */ = {isa = PBXBuildFile; fileRef = 404C497527302C7700213C7A /* FooterNewsView.swift */; };
		404C497B27305F2200213C7A /* Double + Ext.swift in Sources */ = {isa = PBXBuildFile; fileRef = 404C497A27305F2200213C7A /* Double + Ext.swift */; };
		404C49822731DFBF00213C7A /* PhotoCollectionCell.swift in Sources */ = {isa = PBXBuildFile; fileRef = 404C49802731DFBF00213C7A /* PhotoCollectionCell.swift */; };
		404C49832731DFBF00213C7A /* PhotoCollectionCell.xib in Resources */ = {isa = PBXBuildFile; fileRef = 404C49812731DFBF00213C7A /* PhotoCollectionCell.xib */; };
		40673449274A90C80075A9E8 /* AsyncOperation.swift in Sources */ = {isa = PBXBuildFile; fileRef = 40673448274A90C80075A9E8 /* AsyncOperation.swift */; };
		4067344C274A92030075A9E8 /* Alamofire in Frameworks */ = {isa = PBXBuildFile; productRef = 4067344B274A92030075A9E8 /* Alamofire */; };
		4067344E274A96650075A9E8 /* FetchJSONvkFriends.swift in Sources */ = {isa = PBXBuildFile; fileRef = 4067344D274A96650075A9E8 /* FetchJSONvkFriends.swift */; };
		40673450274A967A0075A9E8 /* ParsingJSONvkFriends.swift in Sources */ = {isa = PBXBuildFile; fileRef = 4067344F274A967A0075A9E8 /* ParsingJSONvkFriends.swift */; };
		40673452274A96970075A9E8 /* SaveRealmVKFriends.swift in Sources */ = {isa = PBXBuildFile; fileRef = 40673451274A96970075A9E8 /* SaveRealmVKFriends.swift */; };
		406D74CA275406B500B28D8F /* PromiseKit in Frameworks */ = {isa = PBXBuildFile; productRef = 406D74C9275406B500B28D8F /* PromiseKit */; };
		780E23642708A89E00052ABE /* VKLoginViewController.swift in Sources */ = {isa = PBXBuildFile; fileRef = 780E23632708A89E00052ABE /* VKLoginViewController.swift */; };
		780E23672708B8DA00052ABE /* NetworkService.swift in Sources */ = {isa = PBXBuildFile; fileRef = 780E23662708B8DA00052ABE /* NetworkService.swift */; };
		780E236F270F9BE600052ABE /* VKResponse.swift in Sources */ = {isa = PBXBuildFile; fileRef = 780E236E270F9BE600052ABE /* VKResponse.swift */; };
		780E2371270FA5AA00052ABE /* VKGroup.swift in Sources */ = {isa = PBXBuildFile; fileRef = 780E2370270FA5AA00052ABE /* VKGroup.swift */; };
		780E23752710F6A300052ABE /* VKUser.swift in Sources */ = {isa = PBXBuildFile; fileRef = 780E23742710F6A300052ABE /* VKUser.swift */; };
		780E23772710F6C400052ABE /* VKPhoto.swift in Sources */ = {isa = PBXBuildFile; fileRef = 780E23762710F6C400052ABE /* VKPhoto.swift */; };
		780E237D271209E200052ABE /* VKError.swift in Sources */ = {isa = PBXBuildFile; fileRef = 780E237C271209E200052ABE /* VKError.swift */; };
		780E2380271348A900052ABE /* Nuke in Frameworks */ = {isa = PBXBuildFile; productRef = 780E237F271348A900052ABE /* Nuke */; };
		780E2383271353A800052ABE /* MyGroupsViewCell.swift in Sources */ = {isa = PBXBuildFile; fileRef = 780E2381271353A800052ABE /* MyGroupsViewCell.swift */; };
		780E2384271353A800052ABE /* MyGroupsViewCell.xib in Resources */ = {isa = PBXBuildFile; fileRef = 780E2382271353A800052ABE /* MyGroupsViewCell.xib */; };
		7842973226D6EC0600AC3545 /* AllGroupsViewCell.swift in Sources */ = {isa = PBXBuildFile; fileRef = 7842973026D6EC0600AC3545 /* AllGroupsViewCell.swift */; };
		7842973326D6EC0600AC3545 /* AllGroupsViewCell.xib in Resources */ = {isa = PBXBuildFile; fileRef = 7842973126D6EC0600AC3545 /* AllGroupsViewCell.xib */; };
		7842973726D773B900AC3545 /* FriendImageCell.swift in Sources */ = {isa = PBXBuildFile; fileRef = 7842973626D773B900AC3545 /* FriendImageCell.swift */; };
		7842974226DC227300AC3545 /* FriendViewCell.swift in Sources */ = {isa = PBXBuildFile; fileRef = 7842974026DC227300AC3545 /* FriendViewCell.swift */; };
		7842974326DC227300AC3545 /* FriendViewCell.xib in Resources */ = {isa = PBXBuildFile; fileRef = 7842974126DC227300AC3545 /* FriendViewCell.xib */; };
		7842974726DF49D600AC3545 /* MeViewController.swift in Sources */ = {isa = PBXBuildFile; fileRef = 7842974626DF49D600AC3545 /* MeViewController.swift */; };
		7842974926DF4A6200AC3545 /* LikeControl.swift in Sources */ = {isa = PBXBuildFile; fileRef = 7842974826DF4A6200AC3545 /* LikeControl.swift */; };
		7842976E26E91A3A00AC3545 /* Progress.swift in Sources */ = {isa = PBXBuildFile; fileRef = 7842976D26E91A3A00AC3545 /* Progress.swift */; };
		7842977026EA715D00AC3545 /* AvatarView.swift in Sources */ = {isa = PBXBuildFile; fileRef = 7842976F26EA715D00AC3545 /* AvatarView.swift */; };
		7842977226ECE59700AC3545 /* LikeView.swift in Sources */ = {isa = PBXBuildFile; fileRef = 7842977126ECE59700AC3545 /* LikeView.swift */; };
		7842977426ECEA9E00AC3545 /* HeartBezier.swift in Sources */ = {isa = PBXBuildFile; fileRef = 7842977326ECEA9E00AC3545 /* HeartBezier.swift */; };
		7842977626ED425D00AC3545 /* FotosViewController.swift in Sources */ = {isa = PBXBuildFile; fileRef = 7842977526ED425D00AC3545 /* FotosViewController.swift */; };
		7842977826EE863A00AC3545 /* Foto.swift in Sources */ = {isa = PBXBuildFile; fileRef = 7842977726EE863A00AC3545 /* Foto.swift */; };
		784973EA26C5B7860048E855 /* AppDelegate.swift in Sources */ = {isa = PBXBuildFile; fileRef = 784973E926C5B7860048E855 /* AppDelegate.swift */; };
		784973EC26C5B7860048E855 /* SceneDelegate.swift in Sources */ = {isa = PBXBuildFile; fileRef = 784973EB26C5B7860048E855 /* SceneDelegate.swift */; };
		784973EE26C5B7860048E855 /* LoginViewController.swift in Sources */ = {isa = PBXBuildFile; fileRef = 784973ED26C5B7860048E855 /* LoginViewController.swift */; };
		784973F126C5B7860048E855 /* Main.storyboard in Resources */ = {isa = PBXBuildFile; fileRef = 784973EF26C5B7860048E855 /* Main.storyboard */; };
		784973F326C5B78A0048E855 /* Assets.xcassets in Resources */ = {isa = PBXBuildFile; fileRef = 784973F226C5B78A0048E855 /* Assets.xcassets */; };
		784973F626C5B78A0048E855 /* LaunchScreen.storyboard in Resources */ = {isa = PBXBuildFile; fileRef = 784973F426C5B78A0048E855 /* LaunchScreen.storyboard */; };
		785BC1ED26D51B0B00F0A28F /* User.swift in Sources */ = {isa = PBXBuildFile; fileRef = 785BC1EC26D51B0B00F0A28F /* User.swift */; };
		785BC1F026D51B2B00F0A28F /* Group.swift in Sources */ = {isa = PBXBuildFile; fileRef = 785BC1EF26D51B2B00F0A28F /* Group.swift */; };
		785BC1F326D51BF900F0A28F /* DemoData.swift in Sources */ = {isa = PBXBuildFile; fileRef = 785BC1F226D51BF900F0A28F /* DemoData.swift */; };
		785BC20126D581E600F0A28F /* FriendsTableViewController.swift in Sources */ = {isa = PBXBuildFile; fileRef = 785BC20026D581E600F0A28F /* FriendsTableViewController.swift */; };
		785BC20326D5820B00F0A28F /* FriendCollectionViewController.swift in Sources */ = {isa = PBXBuildFile; fileRef = 785BC20226D5820B00F0A28F /* FriendCollectionViewController.swift */; };
		785BC20526D5822B00F0A28F /* MyGroupsTableViewController.swift in Sources */ = {isa = PBXBuildFile; fileRef = 785BC20426D5822B00F0A28F /* MyGroupsTableViewController.swift */; };
		785BC20726D5824400F0A28F /* AllGroupsTableViewController.swift in Sources */ = {isa = PBXBuildFile; fileRef = 785BC20626D5824400F0A28F /* AllGroupsTableViewController.swift */; };
		7872990C26EE964600B4FE77 /* FotoView.swift in Sources */ = {isa = PBXBuildFile; fileRef = 7872990B26EE964600B4FE77 /* FotoView.swift */; };
		7872990E26F11F3100B4FE77 /* Like.swift in Sources */ = {isa = PBXBuildFile; fileRef = 7872990D26F11F3100B4FE77 /* Like.swift */; };
		7872991326F9297000B4FE77 /* PushPopAnimation.swift in Sources */ = {isa = PBXBuildFile; fileRef = 7872991226F9297000B4FE77 /* PushPopAnimation.swift */; };
		7872991526F92D1A00B4FE77 /* CustomAnimatedNavigationController.swift in Sources */ = {isa = PBXBuildFile; fileRef = 7872991426F92D1A00B4FE77 /* CustomAnimatedNavigationController.swift */; };
		7872991726F92F0400B4FE77 /* InteractiveBack.swift in Sources */ = {isa = PBXBuildFile; fileRef = 7872991626F92F0400B4FE77 /* InteractiveBack.swift */; };
		78778A7D271C30DC00C4355E /* RealmService.swift in Sources */ = {isa = PBXBuildFile; fileRef = 78778A7C271C30DB00C4355E /* RealmService.swift */; };
		78778A82271C32EF00C4355E /* RealmUser.swift in Sources */ = {isa = PBXBuildFile; fileRef = 78778A81271C32EF00C4355E /* RealmUser.swift */; };
		78778A84271C330B00C4355E /* RealmPhoto.swift in Sources */ = {isa = PBXBuildFile; fileRef = 78778A83271C330B00C4355E /* RealmPhoto.swift */; };
		78778A86271C332900C4355E /* RealmGroup.swift in Sources */ = {isa = PBXBuildFile; fileRef = 78778A85271C332900C4355E /* RealmGroup.swift */; };
		78BDD41F2703A68D00E14EEE /* Singleton.swift in Sources */ = {isa = PBXBuildFile; fileRef = 78BDD41E2703A68D00E14EEE /* Singleton.swift */; };
		9FA49CAF551013C2A0EE0472 /* Pods_VKGBApp.framework in Frameworks */ = {isa = PBXBuildFile; fileRef = D874F914BF6EC8394521B06F /* Pods_VKGBApp.framework */; };
/* End PBXBuildFile section */

/* Begin PBXFileReference section */
		2096CF90D63A834EDEB192A9 /* Pods-VKGBApp.release.xcconfig */ = {isa = PBXFileReference; includeInIndex = 1; lastKnownFileType = text.xcconfig; name = "Pods-VKGBApp.release.xcconfig"; path = "Target Support Files/Pods-VKGBApp/Pods-VKGBApp.release.xcconfig"; sourceTree = "<group>"; };
		404C4961272DB9C600213C7A /* NewsTableViewController.swift */ = {isa = PBXFileReference; lastKnownFileType = sourcecode.swift; path = NewsTableViewController.swift; sourceTree = "<group>"; };
		404C4963272DED7400213C7A /* VKNews.swift */ = {isa = PBXFileReference; lastKnownFileType = sourcecode.swift; path = VKNews.swift; sourceTree = "<group>"; };
		404C49672730276600213C7A /* TextNewsCell.swift */ = {isa = PBXFileReference; lastKnownFileType = sourcecode.swift; path = TextNewsCell.swift; sourceTree = "<group>"; };
		404C49682730276600213C7A /* TextNewsCell.xib */ = {isa = PBXFileReference; lastKnownFileType = file.xib; path = TextNewsCell.xib; sourceTree = "<group>"; };
		404C496B2730278500213C7A /* PhotosNewsCell.swift */ = {isa = PBXFileReference; lastKnownFileType = sourcecode.swift; path = PhotosNewsCell.swift; sourceTree = "<group>"; };
		404C496C2730278500213C7A /* PhotosNewsCell.xib */ = {isa = PBXFileReference; lastKnownFileType = file.xib; path = PhotosNewsCell.xib; sourceTree = "<group>"; };
		404C496F273027AD00213C7A /* DocsNewsCell.swift */ = {isa = PBXFileReference; lastKnownFileType = sourcecode.swift; path = DocsNewsCell.swift; sourceTree = "<group>"; };
		404C4970273027AD00213C7A /* DocsNewsCell.xib */ = {isa = PBXFileReference; lastKnownFileType = file.xib; path = DocsNewsCell.xib; sourceTree = "<group>"; };
		404C497327302C1D00213C7A /* HeaderNewsView.swift */ = {isa = PBXFileReference; lastKnownFileType = sourcecode.swift; path = HeaderNewsView.swift; sourceTree = "<group>"; };
		404C497527302C7700213C7A /* FooterNewsView.swift */ = {isa = PBXFileReference; lastKnownFileType = sourcecode.swift; path = FooterNewsView.swift; sourceTree = "<group>"; };
		404C497A27305F2200213C7A /* Double + Ext.swift */ = {isa = PBXFileReference; lastKnownFileType = sourcecode.swift; path = "Double + Ext.swift"; sourceTree = "<group>"; };
		404C49802731DFBF00213C7A /* PhotoCollectionCell.swift */ = {isa = PBXFileReference; lastKnownFileType = sourcecode.swift; path = PhotoCollectionCell.swift; sourceTree = "<group>"; };
		404C49812731DFBF00213C7A /* PhotoCollectionCell.xib */ = {isa = PBXFileReference; lastKnownFileType = file.xib; path = PhotoCollectionCell.xib; sourceTree = "<group>"; };
		40673448274A90C80075A9E8 /* AsyncOperation.swift */ = {isa = PBXFileReference; lastKnownFileType = sourcecode.swift; path = AsyncOperation.swift; sourceTree = "<group>"; };
		4067344D274A96650075A9E8 /* FetchJSONvkFriends.swift */ = {isa = PBXFileReference; lastKnownFileType = sourcecode.swift; path = FetchJSONvkFriends.swift; sourceTree = "<group>"; };
		4067344F274A967A0075A9E8 /* ParsingJSONvkFriends.swift */ = {isa = PBXFileReference; lastKnownFileType = sourcecode.swift; path = ParsingJSONvkFriends.swift; sourceTree = "<group>"; };
		40673451274A96970075A9E8 /* SaveRealmVKFriends.swift */ = {isa = PBXFileReference; lastKnownFileType = sourcecode.swift; path = SaveRealmVKFriends.swift; sourceTree = "<group>"; };
		780E23632708A89E00052ABE /* VKLoginViewController.swift */ = {isa = PBXFileReference; lastKnownFileType = sourcecode.swift; path = VKLoginViewController.swift; sourceTree = "<group>"; };
		780E23662708B8DA00052ABE /* NetworkService.swift */ = {isa = PBXFileReference; lastKnownFileType = sourcecode.swift; path = NetworkService.swift; sourceTree = "<group>"; };
		780E236E270F9BE600052ABE /* VKResponse.swift */ = {isa = PBXFileReference; lastKnownFileType = sourcecode.swift; path = VKResponse.swift; sourceTree = "<group>"; };
		780E2370270FA5AA00052ABE /* VKGroup.swift */ = {isa = PBXFileReference; lastKnownFileType = sourcecode.swift; path = VKGroup.swift; sourceTree = "<group>"; };
		780E23742710F6A300052ABE /* VKUser.swift */ = {isa = PBXFileReference; lastKnownFileType = sourcecode.swift; path = VKUser.swift; sourceTree = "<group>"; };
		780E23762710F6C400052ABE /* VKPhoto.swift */ = {isa = PBXFileReference; lastKnownFileType = sourcecode.swift; path = VKPhoto.swift; sourceTree = "<group>"; };
		780E237C271209E200052ABE /* VKError.swift */ = {isa = PBXFileReference; lastKnownFileType = sourcecode.swift; path = VKError.swift; sourceTree = "<group>"; };
		780E2381271353A800052ABE /* MyGroupsViewCell.swift */ = {isa = PBXFileReference; lastKnownFileType = sourcecode.swift; path = MyGroupsViewCell.swift; sourceTree = "<group>"; };
		780E2382271353A800052ABE /* MyGroupsViewCell.xib */ = {isa = PBXFileReference; lastKnownFileType = file.xib; path = MyGroupsViewCell.xib; sourceTree = "<group>"; };
		7842973026D6EC0600AC3545 /* AllGroupsViewCell.swift */ = {isa = PBXFileReference; lastKnownFileType = sourcecode.swift; path = AllGroupsViewCell.swift; sourceTree = "<group>"; };
		7842973126D6EC0600AC3545 /* AllGroupsViewCell.xib */ = {isa = PBXFileReference; lastKnownFileType = file.xib; path = AllGroupsViewCell.xib; sourceTree = "<group>"; };
		7842973626D773B900AC3545 /* FriendImageCell.swift */ = {isa = PBXFileReference; lastKnownFileType = sourcecode.swift; path = FriendImageCell.swift; sourceTree = "<group>"; };
		7842974026DC227300AC3545 /* FriendViewCell.swift */ = {isa = PBXFileReference; lastKnownFileType = sourcecode.swift; path = FriendViewCell.swift; sourceTree = "<group>"; };
		7842974126DC227300AC3545 /* FriendViewCell.xib */ = {isa = PBXFileReference; lastKnownFileType = file.xib; path = FriendViewCell.xib; sourceTree = "<group>"; };
		7842974626DF49D600AC3545 /* MeViewController.swift */ = {isa = PBXFileReference; lastKnownFileType = sourcecode.swift; path = MeViewController.swift; sourceTree = "<group>"; };
		7842974826DF4A6200AC3545 /* LikeControl.swift */ = {isa = PBXFileReference; lastKnownFileType = sourcecode.swift; path = LikeControl.swift; sourceTree = "<group>"; };
		7842976D26E91A3A00AC3545 /* Progress.swift */ = {isa = PBXFileReference; lastKnownFileType = sourcecode.swift; path = Progress.swift; sourceTree = "<group>"; };
		7842976F26EA715D00AC3545 /* AvatarView.swift */ = {isa = PBXFileReference; lastKnownFileType = sourcecode.swift; path = AvatarView.swift; sourceTree = "<group>"; };
		7842977126ECE59700AC3545 /* LikeView.swift */ = {isa = PBXFileReference; lastKnownFileType = sourcecode.swift; path = LikeView.swift; sourceTree = "<group>"; };
		7842977326ECEA9E00AC3545 /* HeartBezier.swift */ = {isa = PBXFileReference; lastKnownFileType = sourcecode.swift; path = HeartBezier.swift; sourceTree = "<group>"; };
		7842977526ED425D00AC3545 /* FotosViewController.swift */ = {isa = PBXFileReference; lastKnownFileType = sourcecode.swift; path = FotosViewController.swift; sourceTree = "<group>"; };
		7842977726EE863A00AC3545 /* Foto.swift */ = {isa = PBXFileReference; lastKnownFileType = sourcecode.swift; path = Foto.swift; sourceTree = "<group>"; };
		784973E626C5B7860048E855 /* VKGBApp.app */ = {isa = PBXFileReference; explicitFileType = wrapper.application; includeInIndex = 0; path = VKGBApp.app; sourceTree = BUILT_PRODUCTS_DIR; };
		784973E926C5B7860048E855 /* AppDelegate.swift */ = {isa = PBXFileReference; lastKnownFileType = sourcecode.swift; path = AppDelegate.swift; sourceTree = "<group>"; };
		784973EB26C5B7860048E855 /* SceneDelegate.swift */ = {isa = PBXFileReference; lastKnownFileType = sourcecode.swift; path = SceneDelegate.swift; sourceTree = "<group>"; };
		784973ED26C5B7860048E855 /* LoginViewController.swift */ = {isa = PBXFileReference; lastKnownFileType = sourcecode.swift; path = LoginViewController.swift; sourceTree = "<group>"; };
		784973F026C5B7860048E855 /* Base */ = {isa = PBXFileReference; lastKnownFileType = file.storyboard; name = Base; path = Base.lproj/Main.storyboard; sourceTree = "<group>"; };
		784973F226C5B78A0048E855 /* Assets.xcassets */ = {isa = PBXFileReference; lastKnownFileType = folder.assetcatalog; path = Assets.xcassets; sourceTree = "<group>"; };
		784973F526C5B78A0048E855 /* Base */ = {isa = PBXFileReference; lastKnownFileType = file.storyboard; name = Base; path = Base.lproj/LaunchScreen.storyboard; sourceTree = "<group>"; };
		784973F726C5B78A0048E855 /* Info.plist */ = {isa = PBXFileReference; lastKnownFileType = text.plist.xml; path = Info.plist; sourceTree = "<group>"; };
		785BC1EC26D51B0B00F0A28F /* User.swift */ = {isa = PBXFileReference; lastKnownFileType = sourcecode.swift; path = User.swift; sourceTree = "<group>"; };
		785BC1EF26D51B2B00F0A28F /* Group.swift */ = {isa = PBXFileReference; lastKnownFileType = sourcecode.swift; path = Group.swift; sourceTree = "<group>"; };
		785BC1F226D51BF900F0A28F /* DemoData.swift */ = {isa = PBXFileReference; lastKnownFileType = sourcecode.swift; path = DemoData.swift; sourceTree = "<group>"; };
		785BC20026D581E600F0A28F /* FriendsTableViewController.swift */ = {isa = PBXFileReference; lastKnownFileType = sourcecode.swift; path = FriendsTableViewController.swift; sourceTree = "<group>"; };
		785BC20226D5820B00F0A28F /* FriendCollectionViewController.swift */ = {isa = PBXFileReference; lastKnownFileType = sourcecode.swift; path = FriendCollectionViewController.swift; sourceTree = "<group>"; };
		785BC20426D5822B00F0A28F /* MyGroupsTableViewController.swift */ = {isa = PBXFileReference; lastKnownFileType = sourcecode.swift; path = MyGroupsTableViewController.swift; sourceTree = "<group>"; };
		785BC20626D5824400F0A28F /* AllGroupsTableViewController.swift */ = {isa = PBXFileReference; lastKnownFileType = sourcecode.swift; path = AllGroupsTableViewController.swift; sourceTree = "<group>"; };
		7872990B26EE964600B4FE77 /* FotoView.swift */ = {isa = PBXFileReference; lastKnownFileType = sourcecode.swift; path = FotoView.swift; sourceTree = "<group>"; };
		7872990D26F11F3100B4FE77 /* Like.swift */ = {isa = PBXFileReference; lastKnownFileType = sourcecode.swift; path = Like.swift; sourceTree = "<group>"; };
		7872991226F9297000B4FE77 /* PushPopAnimation.swift */ = {isa = PBXFileReference; lastKnownFileType = sourcecode.swift; path = PushPopAnimation.swift; sourceTree = "<group>"; };
		7872991426F92D1A00B4FE77 /* CustomAnimatedNavigationController.swift */ = {isa = PBXFileReference; lastKnownFileType = sourcecode.swift; path = CustomAnimatedNavigationController.swift; sourceTree = "<group>"; };
		7872991626F92F0400B4FE77 /* InteractiveBack.swift */ = {isa = PBXFileReference; lastKnownFileType = sourcecode.swift; path = InteractiveBack.swift; sourceTree = "<group>"; };
		78778A7C271C30DB00C4355E /* RealmService.swift */ = {isa = PBXFileReference; lastKnownFileType = sourcecode.swift; path = RealmService.swift; sourceTree = "<group>"; };
		78778A81271C32EF00C4355E /* RealmUser.swift */ = {isa = PBXFileReference; lastKnownFileType = sourcecode.swift; path = RealmUser.swift; sourceTree = "<group>"; };
		78778A83271C330B00C4355E /* RealmPhoto.swift */ = {isa = PBXFileReference; lastKnownFileType = sourcecode.swift; path = RealmPhoto.swift; sourceTree = "<group>"; };
		78778A85271C332900C4355E /* RealmGroup.swift */ = {isa = PBXFileReference; lastKnownFileType = sourcecode.swift; path = RealmGroup.swift; sourceTree = "<group>"; };
		78BDD41E2703A68D00E14EEE /* Singleton.swift */ = {isa = PBXFileReference; lastKnownFileType = sourcecode.swift; path = Singleton.swift; sourceTree = "<group>"; };
		D874F914BF6EC8394521B06F /* Pods_VKGBApp.framework */ = {isa = PBXFileReference; explicitFileType = wrapper.framework; includeInIndex = 0; path = Pods_VKGBApp.framework; sourceTree = BUILT_PRODUCTS_DIR; };
		DE78FA70140DC17D7DA9A2CC /* Pods-VKGBApp.debug.xcconfig */ = {isa = PBXFileReference; includeInIndex = 1; lastKnownFileType = text.xcconfig; name = "Pods-VKGBApp.debug.xcconfig"; path = "Target Support Files/Pods-VKGBApp/Pods-VKGBApp.debug.xcconfig"; sourceTree = "<group>"; };
/* End PBXFileReference section */

/* Begin PBXFrameworksBuildPhase section */
		784973E326C5B7860048E855 /* Frameworks */ = {
			isa = PBXFrameworksBuildPhase;
			buildActionMask = 2147483647;
			files = (
				4067344C274A92030075A9E8 /* Alamofire in Frameworks */,
				406D74CA275406B500B28D8F /* PromiseKit in Frameworks */,
				780E2380271348A900052ABE /* Nuke in Frameworks */,
				9FA49CAF551013C2A0EE0472 /* Pods_VKGBApp.framework in Frameworks */,
			);
			runOnlyForDeploymentPostprocessing = 0;
		};
/* End PBXFrameworksBuildPhase section */

/* Begin PBXGroup section */
		2F62B38F7215CE13A079E94D /* Frameworks */ = {
			isa = PBXGroup;
			children = (
				D874F914BF6EC8394521B06F /* Pods_VKGBApp.framework */,
			);
			name = Frameworks;
			sourceTree = "<group>";
		};
		33EDABEAB973754678AC5415 /* Pods */ = {
			isa = PBXGroup;
			children = (
				DE78FA70140DC17D7DA9A2CC /* Pods-VKGBApp.debug.xcconfig */,
				2096CF90D63A834EDEB192A9 /* Pods-VKGBApp.release.xcconfig */,
			);
			path = Pods;
			sourceTree = "<group>";
		};
		404C4960272D9D5200213C7A /* NewsCellViews */ = {
			isa = PBXGroup;
			children = (
				404C497327302C1D00213C7A /* HeaderNewsView.swift */,
				404C49672730276600213C7A /* TextNewsCell.swift */,
				404C49682730276600213C7A /* TextNewsCell.xib */,
				404C496B2730278500213C7A /* PhotosNewsCell.swift */,
				404C496C2730278500213C7A /* PhotosNewsCell.xib */,
				404C49802731DFBF00213C7A /* PhotoCollectionCell.swift */,
				404C49812731DFBF00213C7A /* PhotoCollectionCell.xib */,
				404C496F273027AD00213C7A /* DocsNewsCell.swift */,
				404C4970273027AD00213C7A /* DocsNewsCell.xib */,
				404C497527302C7700213C7A /* FooterNewsView.swift */,
			);
			path = NewsCellViews;
			sourceTree = "<group>";
		};
		404C497927305F1000213C7A /* Ext */ = {
			isa = PBXGroup;
			children = (
				404C497A27305F2200213C7A /* Double + Ext.swift */,
			);
			path = Ext;
			sourceTree = "<group>";
		};
		40673447274A90A80075A9E8 /* Operations */ = {
			isa = PBXGroup;
			children = (
				40673448274A90C80075A9E8 /* AsyncOperation.swift */,
				4067344D274A96650075A9E8 /* FetchJSONvkFriends.swift */,
				4067344F274A967A0075A9E8 /* ParsingJSONvkFriends.swift */,
				40673451274A96970075A9E8 /* SaveRealmVKFriends.swift */,
			);
			path = Operations;
			sourceTree = "<group>";
		};
		780E23652708B8AF00052ABE /* Network */ = {
			isa = PBXGroup;
			children = (
				780E23662708B8DA00052ABE /* NetworkService.swift */,
				78778A7C271C30DB00C4355E /* RealmService.swift */,
			);
			path = Network;
			sourceTree = "<group>";
		};
		7842972F26D6EBBD00AC3545 /* Reuse */ = {
			isa = PBXGroup;
			children = (
				404C4960272D9D5200213C7A /* NewsCellViews */,
				7842973026D6EC0600AC3545 /* AllGroupsViewCell.swift */,
				7842973126D6EC0600AC3545 /* AllGroupsViewCell.xib */,
				780E2381271353A800052ABE /* MyGroupsViewCell.swift */,
				780E2382271353A800052ABE /* MyGroupsViewCell.xib */,
				7842973626D773B900AC3545 /* FriendImageCell.swift */,
				7842976F26EA715D00AC3545 /* AvatarView.swift */,
				7842974026DC227300AC3545 /* FriendViewCell.swift */,
				7842974126DC227300AC3545 /* FriendViewCell.xib */,
				7842974826DF4A6200AC3545 /* LikeControl.swift */,
				7842977326ECEA9E00AC3545 /* HeartBezier.swift */,
				7842977126ECE59700AC3545 /* LikeView.swift */,
				7842976D26E91A3A00AC3545 /* Progress.swift */,
				7872990B26EE964600B4FE77 /* FotoView.swift */,
			);
			path = Reuse;
			sourceTree = "<group>";
		};
		784973DD26C5B7860048E855 = {
			isa = PBXGroup;
			children = (
				784973E826C5B7860048E855 /* VKGBApp */,
				784973E726C5B7860048E855 /* Products */,
				33EDABEAB973754678AC5415 /* Pods */,
				2F62B38F7215CE13A079E94D /* Frameworks */,
			);
			sourceTree = "<group>";
		};
		784973E726C5B7860048E855 /* Products */ = {
			isa = PBXGroup;
			children = (
				784973E626C5B7860048E855 /* VKGBApp.app */,
			);
			name = Products;
			sourceTree = "<group>";
		};
		784973E826C5B7860048E855 /* VKGBApp */ = {
			isa = PBXGroup;
			children = (
				40673447274A90A80075A9E8 /* Operations */,
				404C497927305F1000213C7A /* Ext */,
				780E23652708B8AF00052ABE /* Network */,
				7872991126F9294B00B4FE77 /* Animation */,
				7842972F26D6EBBD00AC3545 /* Reuse */,
				785BC1F126D51BE000F0A28F /* DemonstrationData */,
				785BC1EB26D51AFB00F0A28F /* Models */,
				784973E926C5B7860048E855 /* AppDelegate.swift */,
				784973EB26C5B7860048E855 /* SceneDelegate.swift */,
				784973FE26C5B7D90048E855 /* Controllers */,
				784973FD26C5B7C70048E855 /* Storyboards */,
				784973F226C5B78A0048E855 /* Assets.xcassets */,
				784973F726C5B78A0048E855 /* Info.plist */,
			);
			path = VKGBApp;
			sourceTree = "<group>";
		};
		784973FD26C5B7C70048E855 /* Storyboards */ = {
			isa = PBXGroup;
			children = (
				784973EF26C5B7860048E855 /* Main.storyboard */,
				784973F426C5B78A0048E855 /* LaunchScreen.storyboard */,
			);
			path = Storyboards;
			sourceTree = "<group>";
		};
		784973FE26C5B7D90048E855 /* Controllers */ = {
			isa = PBXGroup;
			children = (
				780E23632708A89E00052ABE /* VKLoginViewController.swift */,
				784973ED26C5B7860048E855 /* LoginViewController.swift */,
				785BC20026D581E600F0A28F /* FriendsTableViewController.swift */,
				785BC20226D5820B00F0A28F /* FriendCollectionViewController.swift */,
				7842977526ED425D00AC3545 /* FotosViewController.swift */,
				785BC20426D5822B00F0A28F /* MyGroupsTableViewController.swift */,
				785BC20626D5824400F0A28F /* AllGroupsTableViewController.swift */,
				7842974626DF49D600AC3545 /* MeViewController.swift */,
				404C4961272DB9C600213C7A /* NewsTableViewController.swift */,
			);
			path = Controllers;
			sourceTree = "<group>";
		};
		785BC1EB26D51AFB00F0A28F /* Models */ = {
			isa = PBXGroup;
			children = (
				78778A80271C329800C4355E /* RealmModels */,
				78778A7F271C326F00C4355E /* VKModels */,
				78778A7E271C325600C4355E /* Local */,
			);
			path = Models;
			sourceTree = "<group>";
		};
		785BC1F126D51BE000F0A28F /* DemonstrationData */ = {
			isa = PBXGroup;
			children = (
				785BC1F226D51BF900F0A28F /* DemoData.swift */,
			);
			path = DemonstrationData;
			sourceTree = "<group>";
		};
		7872991126F9294B00B4FE77 /* Animation */ = {
			isa = PBXGroup;
			children = (
				7872991226F9297000B4FE77 /* PushPopAnimation.swift */,
				7872991426F92D1A00B4FE77 /* CustomAnimatedNavigationController.swift */,
				7872991626F92F0400B4FE77 /* InteractiveBack.swift */,
			);
			path = Animation;
			sourceTree = "<group>";
		};
		78778A7E271C325600C4355E /* Local */ = {
			isa = PBXGroup;
			children = (
				7842977726EE863A00AC3545 /* Foto.swift */,
				785BC1EF26D51B2B00F0A28F /* Group.swift */,
				7872990D26F11F3100B4FE77 /* Like.swift */,
				785BC1EC26D51B0B00F0A28F /* User.swift */,
			);
			path = Local;
			sourceTree = "<group>";
		};
		78778A7F271C326F00C4355E /* VKModels */ = {
			isa = PBXGroup;
			children = (
				78BDD41E2703A68D00E14EEE /* Singleton.swift */,
				780E236E270F9BE600052ABE /* VKResponse.swift */,
				780E2370270FA5AA00052ABE /* VKGroup.swift */,
				780E23742710F6A300052ABE /* VKUser.swift */,
				780E23762710F6C400052ABE /* VKPhoto.swift */,
				404C4963272DED7400213C7A /* VKNews.swift */,
				780E237C271209E200052ABE /* VKError.swift */,
			);
			path = VKModels;
			sourceTree = "<group>";
		};
		78778A80271C329800C4355E /* RealmModels */ = {
			isa = PBXGroup;
			children = (
				78778A81271C32EF00C4355E /* RealmUser.swift */,
				78778A83271C330B00C4355E /* RealmPhoto.swift */,
				78778A85271C332900C4355E /* RealmGroup.swift */,
			);
			path = RealmModels;
			sourceTree = "<group>";
		};
/* End PBXGroup section */

/* Begin PBXNativeTarget section */
		784973E526C5B7860048E855 /* VKGBApp */ = {
			isa = PBXNativeTarget;
			buildConfigurationList = 784973FA26C5B78A0048E855 /* Build configuration list for PBXNativeTarget "VKGBApp" */;
			buildPhases = (
				5B95D91F0BB847A8A3104541 /* [CP] Check Pods Manifest.lock */,
				784973E226C5B7860048E855 /* Sources */,
				784973E326C5B7860048E855 /* Frameworks */,
				784973E426C5B7860048E855 /* Resources */,
				D82A72F9CD921E1A79B8E2B2 /* [CP] Embed Pods Frameworks */,
			);
			buildRules = (
			);
			dependencies = (
			);
			name = VKGBApp;
			packageProductDependencies = (
				780E237F271348A900052ABE /* Nuke */,
				4067344B274A92030075A9E8 /* Alamofire */,
				406D74C9275406B500B28D8F /* PromiseKit */,
			);
			productName = VKGBApp;
			productReference = 784973E626C5B7860048E855 /* VKGBApp.app */;
			productType = "com.apple.product-type.application";
		};
/* End PBXNativeTarget section */

/* Begin PBXProject section */
		784973DE26C5B7860048E855 /* Project object */ = {
			isa = PBXProject;
			attributes = {
				LastSwiftUpdateCheck = 1250;
				LastUpgradeCheck = 1250;
				TargetAttributes = {
					784973E526C5B7860048E855 = {
						CreatedOnToolsVersion = 12.5.1;
					};
				};
			};
			buildConfigurationList = 784973E126C5B7860048E855 /* Build configuration list for PBXProject "VKGBApp" */;
			compatibilityVersion = "Xcode 9.3";
			developmentRegion = en;
			hasScannedForEncodings = 0;
			knownRegions = (
				en,
				Base,
			);
			mainGroup = 784973DD26C5B7860048E855;
			packageReferences = (
				780E237E271348A800052ABE /* XCRemoteSwiftPackageReference "Nuke" */,
				4067344A274A92030075A9E8 /* XCRemoteSwiftPackageReference "Alamofire" */,
				406D74C8275406B500B28D8F /* XCRemoteSwiftPackageReference "PromiseKit" */,
			);
			productRefGroup = 784973E726C5B7860048E855 /* Products */;
			projectDirPath = "";
			projectRoot = "";
			targets = (
				784973E526C5B7860048E855 /* VKGBApp */,
			);
		};
/* End PBXProject section */

/* Begin PBXResourcesBuildPhase section */
		784973E426C5B7860048E855 /* Resources */ = {
			isa = PBXResourcesBuildPhase;
			buildActionMask = 2147483647;
			files = (
				784973F626C5B78A0048E855 /* LaunchScreen.storyboard in Resources */,
				784973F326C5B78A0048E855 /* Assets.xcassets in Resources */,
				780E2384271353A800052ABE /* MyGroupsViewCell.xib in Resources */,
				7842973326D6EC0600AC3545 /* AllGroupsViewCell.xib in Resources */,
				784973F126C5B7860048E855 /* Main.storyboard in Resources */,
				404C496E2730278500213C7A /* PhotosNewsCell.xib in Resources */,
				404C49832731DFBF00213C7A /* PhotoCollectionCell.xib in Resources */,
				404C4972273027AD00213C7A /* DocsNewsCell.xib in Resources */,
				7842974326DC227300AC3545 /* FriendViewCell.xib in Resources */,
				404C496A2730276600213C7A /* TextNewsCell.xib in Resources */,
			);
			runOnlyForDeploymentPostprocessing = 0;
		};
/* End PBXResourcesBuildPhase section */

/* Begin PBXShellScriptBuildPhase section */
		5B95D91F0BB847A8A3104541 /* [CP] Check Pods Manifest.lock */ = {
			isa = PBXShellScriptBuildPhase;
			buildActionMask = 2147483647;
			files = (
			);
			inputFileListPaths = (
			);
			inputPaths = (
				"${PODS_PODFILE_DIR_PATH}/Podfile.lock",
				"${PODS_ROOT}/Manifest.lock",
			);
			name = "[CP] Check Pods Manifest.lock";
			outputFileListPaths = (
			);
			outputPaths = (
				"$(DERIVED_FILE_DIR)/Pods-VKGBApp-checkManifestLockResult.txt",
			);
			runOnlyForDeploymentPostprocessing = 0;
			shellPath = /bin/sh;
			shellScript = "diff \"${PODS_PODFILE_DIR_PATH}/Podfile.lock\" \"${PODS_ROOT}/Manifest.lock\" > /dev/null\nif [ $? != 0 ] ; then\n    # print error to STDERR\n    echo \"error: The sandbox is not in sync with the Podfile.lock. Run 'pod install' or update your CocoaPods installation.\" >&2\n    exit 1\nfi\n# This output is used by Xcode 'outputs' to avoid re-running this script phase.\necho \"SUCCESS\" > \"${SCRIPT_OUTPUT_FILE_0}\"\n";
			showEnvVarsInLog = 0;
		};
		D82A72F9CD921E1A79B8E2B2 /* [CP] Embed Pods Frameworks */ = {
			isa = PBXShellScriptBuildPhase;
			buildActionMask = 2147483647;
			files = (
			);
			inputFileListPaths = (
				"${PODS_ROOT}/Target Support Files/Pods-VKGBApp/Pods-VKGBApp-frameworks-${CONFIGURATION}-input-files.xcfilelist",
			);
			name = "[CP] Embed Pods Frameworks";
			outputFileListPaths = (
				"${PODS_ROOT}/Target Support Files/Pods-VKGBApp/Pods-VKGBApp-frameworks-${CONFIGURATION}-output-files.xcfilelist",
			);
			runOnlyForDeploymentPostprocessing = 0;
			shellPath = /bin/sh;
			shellScript = "\"${PODS_ROOT}/Target Support Files/Pods-VKGBApp/Pods-VKGBApp-frameworks.sh\"\n";
			showEnvVarsInLog = 0;
		};
/* End PBXShellScriptBuildPhase section */

/* Begin PBXSourcesBuildPhase section */
		784973E226C5B7860048E855 /* Sources */ = {
			isa = PBXSourcesBuildPhase;
			buildActionMask = 2147483647;
			files = (
				785BC1F326D51BF900F0A28F /* DemoData.swift in Sources */,
				404C497427302C1D00213C7A /* HeaderNewsView.swift in Sources */,
				785BC20526D5822B00F0A28F /* MyGroupsTableViewController.swift in Sources */,
				7842973226D6EC0600AC3545 /* AllGroupsViewCell.swift in Sources */,
				780E23672708B8DA00052ABE /* NetworkService.swift in Sources */,
				785BC1ED26D51B0B00F0A28F /* User.swift in Sources */,
				785BC20326D5820B00F0A28F /* FriendCollectionViewController.swift in Sources */,
				784973EE26C5B7860048E855 /* LoginViewController.swift in Sources */,
				780E23752710F6A300052ABE /* VKUser.swift in Sources */,
				780E23772710F6C400052ABE /* VKPhoto.swift in Sources */,
				784973EA26C5B7860048E855 /* AppDelegate.swift in Sources */,
				7842974226DC227300AC3545 /* FriendViewCell.swift in Sources */,
				7872991326F9297000B4FE77 /* PushPopAnimation.swift in Sources */,
				78778A84271C330B00C4355E /* RealmPhoto.swift in Sources */,
				404C49692730276600213C7A /* TextNewsCell.swift in Sources */,
				7842976E26E91A3A00AC3545 /* Progress.swift in Sources */,
				7842977226ECE59700AC3545 /* LikeView.swift in Sources */,
				7872991526F92D1A00B4FE77 /* CustomAnimatedNavigationController.swift in Sources */,
				40673449274A90C80075A9E8 /* AsyncOperation.swift in Sources */,
				7842974726DF49D600AC3545 /* MeViewController.swift in Sources */,
				7842977826EE863A00AC3545 /* Foto.swift in Sources */,
				404C4971273027AD00213C7A /* DocsNewsCell.swift in Sources */,
				40673452274A96970075A9E8 /* SaveRealmVKFriends.swift in Sources */,
				7842973726D773B900AC3545 /* FriendImageCell.swift in Sources */,
				40673450274A967A0075A9E8 /* ParsingJSONvkFriends.swift in Sources */,
				404C496D2730278500213C7A /* PhotosNewsCell.swift in Sources */,
				780E2371270FA5AA00052ABE /* VKGroup.swift in Sources */,
				780E23642708A89E00052ABE /* VKLoginViewController.swift in Sources */,
				404C4964272DED7400213C7A /* VKNews.swift in Sources */,
				7872990E26F11F3100B4FE77 /* Like.swift in Sources */,
				780E236F270F9BE600052ABE /* VKResponse.swift in Sources */,
				785BC1F026D51B2B00F0A28F /* Group.swift in Sources */,
				78BDD41F2703A68D00E14EEE /* Singleton.swift in Sources */,
				404C497B27305F2200213C7A /* Double + Ext.swift in Sources */,
				78778A82271C32EF00C4355E /* RealmUser.swift in Sources */,
				785BC20726D5824400F0A28F /* AllGroupsTableViewController.swift in Sources */,
				7842977626ED425D00AC3545 /* FotosViewController.swift in Sources */,
				404C4962272DB9C600213C7A /* NewsTableViewController.swift in Sources */,
				404C497627302C7700213C7A /* FooterNewsView.swift in Sources */,
				7872990C26EE964600B4FE77 /* FotoView.swift in Sources */,
				7842974926DF4A6200AC3545 /* LikeControl.swift in Sources */,
				7842977426ECEA9E00AC3545 /* HeartBezier.swift in Sources */,
				785BC20126D581E600F0A28F /* FriendsTableViewController.swift in Sources */,
				780E2383271353A800052ABE /* MyGroupsViewCell.swift in Sources */,
				78778A7D271C30DC00C4355E /* RealmService.swift in Sources */,
				404C49822731DFBF00213C7A /* PhotoCollectionCell.swift in Sources */,
				7872991726F92F0400B4FE77 /* InteractiveBack.swift in Sources */,
				4067344E274A96650075A9E8 /* FetchJSONvkFriends.swift in Sources */,
				780E237D271209E200052ABE /* VKError.swift in Sources */,
				78778A86271C332900C4355E /* RealmGroup.swift in Sources */,
				7842977026EA715D00AC3545 /* AvatarView.swift in Sources */,
				784973EC26C5B7860048E855 /* SceneDelegate.swift in Sources */,
			);
			runOnlyForDeploymentPostprocessing = 0;
		};
/* End PBXSourcesBuildPhase section */

/* Begin PBXVariantGroup section */
		784973EF26C5B7860048E855 /* Main.storyboard */ = {
			isa = PBXVariantGroup;
			children = (
				784973F026C5B7860048E855 /* Base */,
			);
			name = Main.storyboard;
			sourceTree = "<group>";
		};
		784973F426C5B78A0048E855 /* LaunchScreen.storyboard */ = {
			isa = PBXVariantGroup;
			children = (
				784973F526C5B78A0048E855 /* Base */,
			);
			name = LaunchScreen.storyboard;
			sourceTree = "<group>";
		};
/* End PBXVariantGroup section */

/* Begin XCBuildConfiguration section */
		784973F826C5B78A0048E855 /* Debug */ = {
			isa = XCBuildConfiguration;
			buildSettings = {
				ALWAYS_SEARCH_USER_PATHS = NO;
				CLANG_ANALYZER_NONNULL = YES;
				CLANG_ANALYZER_NUMBER_OBJECT_CONVERSION = YES_AGGRESSIVE;
				CLANG_CXX_LANGUAGE_STANDARD = "gnu++14";
				CLANG_CXX_LIBRARY = "libc++";
				CLANG_ENABLE_MODULES = YES;
				CLANG_ENABLE_OBJC_ARC = YES;
				CLANG_ENABLE_OBJC_WEAK = YES;
				CLANG_WARN_BLOCK_CAPTURE_AUTORELEASING = YES;
				CLANG_WARN_BOOL_CONVERSION = YES;
				CLANG_WARN_COMMA = YES;
				CLANG_WARN_CONSTANT_CONVERSION = YES;
				CLANG_WARN_DEPRECATED_OBJC_IMPLEMENTATIONS = YES;
				CLANG_WARN_DIRECT_OBJC_ISA_USAGE = YES_ERROR;
				CLANG_WARN_DOCUMENTATION_COMMENTS = YES;
				CLANG_WARN_EMPTY_BODY = YES;
				CLANG_WARN_ENUM_CONVERSION = YES;
				CLANG_WARN_INFINITE_RECURSION = YES;
				CLANG_WARN_INT_CONVERSION = YES;
				CLANG_WARN_NON_LITERAL_NULL_CONVERSION = YES;
				CLANG_WARN_OBJC_IMPLICIT_RETAIN_SELF = YES;
				CLANG_WARN_OBJC_LITERAL_CONVERSION = YES;
				CLANG_WARN_OBJC_ROOT_CLASS = YES_ERROR;
				CLANG_WARN_QUOTED_INCLUDE_IN_FRAMEWORK_HEADER = YES;
				CLANG_WARN_RANGE_LOOP_ANALYSIS = YES;
				CLANG_WARN_STRICT_PROTOTYPES = YES;
				CLANG_WARN_SUSPICIOUS_MOVE = YES;
				CLANG_WARN_UNGUARDED_AVAILABILITY = YES_AGGRESSIVE;
				CLANG_WARN_UNREACHABLE_CODE = YES;
				CLANG_WARN__DUPLICATE_METHOD_MATCH = YES;
				COPY_PHASE_STRIP = NO;
				DEBUG_INFORMATION_FORMAT = dwarf;
				ENABLE_STRICT_OBJC_MSGSEND = YES;
				ENABLE_TESTABILITY = YES;
				GCC_C_LANGUAGE_STANDARD = gnu11;
				GCC_DYNAMIC_NO_PIC = NO;
				GCC_NO_COMMON_BLOCKS = YES;
				GCC_OPTIMIZATION_LEVEL = 0;
				GCC_PREPROCESSOR_DEFINITIONS = (
					"DEBUG=1",
					"$(inherited)",
				);
				GCC_WARN_64_TO_32_BIT_CONVERSION = YES;
				GCC_WARN_ABOUT_RETURN_TYPE = YES_ERROR;
				GCC_WARN_UNDECLARED_SELECTOR = YES;
				GCC_WARN_UNINITIALIZED_AUTOS = YES_AGGRESSIVE;
				GCC_WARN_UNUSED_FUNCTION = YES;
				GCC_WARN_UNUSED_VARIABLE = YES;
				IPHONEOS_DEPLOYMENT_TARGET = 14.5;
				MTL_ENABLE_DEBUG_INFO = INCLUDE_SOURCE;
				MTL_FAST_MATH = YES;
				ONLY_ACTIVE_ARCH = YES;
				SDKROOT = iphoneos;
				SWIFT_ACTIVE_COMPILATION_CONDITIONS = DEBUG;
				SWIFT_OPTIMIZATION_LEVEL = "-Onone";
			};
			name = Debug;
		};
		784973F926C5B78A0048E855 /* Release */ = {
			isa = XCBuildConfiguration;
			buildSettings = {
				ALWAYS_SEARCH_USER_PATHS = NO;
				CLANG_ANALYZER_NONNULL = YES;
				CLANG_ANALYZER_NUMBER_OBJECT_CONVERSION = YES_AGGRESSIVE;
				CLANG_CXX_LANGUAGE_STANDARD = "gnu++14";
				CLANG_CXX_LIBRARY = "libc++";
				CLANG_ENABLE_MODULES = YES;
				CLANG_ENABLE_OBJC_ARC = YES;
				CLANG_ENABLE_OBJC_WEAK = YES;
				CLANG_WARN_BLOCK_CAPTURE_AUTORELEASING = YES;
				CLANG_WARN_BOOL_CONVERSION = YES;
				CLANG_WARN_COMMA = YES;
				CLANG_WARN_CONSTANT_CONVERSION = YES;
				CLANG_WARN_DEPRECATED_OBJC_IMPLEMENTATIONS = YES;
				CLANG_WARN_DIRECT_OBJC_ISA_USAGE = YES_ERROR;
				CLANG_WARN_DOCUMENTATION_COMMENTS = YES;
				CLANG_WARN_EMPTY_BODY = YES;
				CLANG_WARN_ENUM_CONVERSION = YES;
				CLANG_WARN_INFINITE_RECURSION = YES;
				CLANG_WARN_INT_CONVERSION = YES;
				CLANG_WARN_NON_LITERAL_NULL_CONVERSION = YES;
				CLANG_WARN_OBJC_IMPLICIT_RETAIN_SELF = YES;
				CLANG_WARN_OBJC_LITERAL_CONVERSION = YES;
				CLANG_WARN_OBJC_ROOT_CLASS = YES_ERROR;
				CLANG_WARN_QUOTED_INCLUDE_IN_FRAMEWORK_HEADER = YES;
				CLANG_WARN_RANGE_LOOP_ANALYSIS = YES;
				CLANG_WARN_STRICT_PROTOTYPES = YES;
				CLANG_WARN_SUSPICIOUS_MOVE = YES;
				CLANG_WARN_UNGUARDED_AVAILABILITY = YES_AGGRESSIVE;
				CLANG_WARN_UNREACHABLE_CODE = YES;
				CLANG_WARN__DUPLICATE_METHOD_MATCH = YES;
				COPY_PHASE_STRIP = NO;
				DEBUG_INFORMATION_FORMAT = "dwarf-with-dsym";
				ENABLE_NS_ASSERTIONS = NO;
				ENABLE_STRICT_OBJC_MSGSEND = YES;
				GCC_C_LANGUAGE_STANDARD = gnu11;
				GCC_NO_COMMON_BLOCKS = YES;
				GCC_WARN_64_TO_32_BIT_CONVERSION = YES;
				GCC_WARN_ABOUT_RETURN_TYPE = YES_ERROR;
				GCC_WARN_UNDECLARED_SELECTOR = YES;
				GCC_WARN_UNINITIALIZED_AUTOS = YES_AGGRESSIVE;
				GCC_WARN_UNUSED_FUNCTION = YES;
				GCC_WARN_UNUSED_VARIABLE = YES;
				IPHONEOS_DEPLOYMENT_TARGET = 14.5;
				MTL_ENABLE_DEBUG_INFO = NO;
				MTL_FAST_MATH = YES;
				SDKROOT = iphoneos;
				SWIFT_COMPILATION_MODE = wholemodule;
				SWIFT_OPTIMIZATION_LEVEL = "-O";
				VALIDATE_PRODUCT = YES;
			};
			name = Release;
		};
		784973FB26C5B78A0048E855 /* Debug */ = {
			isa = XCBuildConfiguration;
			baseConfigurationReference = DE78FA70140DC17D7DA9A2CC /* Pods-VKGBApp.debug.xcconfig */;
			buildSettings = {
				ASSETCATALOG_COMPILER_APPICON_NAME = AppIcon;
				ASSETCATALOG_COMPILER_GLOBAL_ACCENT_COLOR_NAME = AccentColor;
				CODE_SIGN_STYLE = Automatic;
				DEVELOPMENT_TEAM = LKF6A6MC84;
				INFOPLIST_FILE = VKGBApp/Info.plist;
				LD_RUNPATH_SEARCH_PATHS = (
					"$(inherited)",
					"@executable_path/Frameworks",
				);
				PRODUCT_BUNDLE_IDENTIFIER = Igor2890.VKGBApp;
				PRODUCT_NAME = "$(TARGET_NAME)";
				SWIFT_VERSION = 5.0;
				TARGETED_DEVICE_FAMILY = "1,2";
			};
			name = Debug;
		};
		784973FC26C5B78A0048E855 /* Release */ = {
			isa = XCBuildConfiguration;
			baseConfigurationReference = 2096CF90D63A834EDEB192A9 /* Pods-VKGBApp.release.xcconfig */;
			buildSettings = {
				ASSETCATALOG_COMPILER_APPICON_NAME = AppIcon;
				ASSETCATALOG_COMPILER_GLOBAL_ACCENT_COLOR_NAME = AccentColor;
				CODE_SIGN_STYLE = Automatic;
				DEVELOPMENT_TEAM = LKF6A6MC84;
				INFOPLIST_FILE = VKGBApp/Info.plist;
				LD_RUNPATH_SEARCH_PATHS = (
					"$(inherited)",
					"@executable_path/Frameworks",
				);
				PRODUCT_BUNDLE_IDENTIFIER = Igor2890.VKGBApp;
				PRODUCT_NAME = "$(TARGET_NAME)";
				SWIFT_VERSION = 5.0;
				TARGETED_DEVICE_FAMILY = "1,2";
			};
			name = Release;
		};
/* End XCBuildConfiguration section */

/* Begin XCConfigurationList section */
		784973E126C5B7860048E855 /* Build configuration list for PBXProject "VKGBApp" */ = {
			isa = XCConfigurationList;
			buildConfigurations = (
				784973F826C5B78A0048E855 /* Debug */,
				784973F926C5B78A0048E855 /* Release */,
			);
			defaultConfigurationIsVisible = 0;
			defaultConfigurationName = Release;
		};
		784973FA26C5B78A0048E855 /* Build configuration list for PBXNativeTarget "VKGBApp" */ = {
			isa = XCConfigurationList;
			buildConfigurations = (
				784973FB26C5B78A0048E855 /* Debug */,
				784973FC26C5B78A0048E855 /* Release */,
			);
			defaultConfigurationIsVisible = 0;
			defaultConfigurationName = Release;
		};
/* End XCConfigurationList section */

/* Begin XCRemoteSwiftPackageReference section */
		4067344A274A92030075A9E8 /* XCRemoteSwiftPackageReference "Alamofire" */ = {
			isa = XCRemoteSwiftPackageReference;
			repositoryURL = "https://github.com/Alamofire/Alamofire.git";
			requirement = {
				kind = upToNextMajorVersion;
				minimumVersion = 5.4.0;
			};
		};
		406D74C8275406B500B28D8F /* XCRemoteSwiftPackageReference "PromiseKit" */ = {
			isa = XCRemoteSwiftPackageReference;
			repositoryURL = "https://github.com/mxcl/PromiseKit.git";
			requirement = {
				kind = upToNextMajorVersion;
				minimumVersion = 6.8.4;
			};
		};
		780E237E271348A800052ABE /* XCRemoteSwiftPackageReference "Nuke" */ = {
			isa = XCRemoteSwiftPackageReference;
			repositoryURL = "https://github.com/kean/Nuke.git";
			requirement = {
				kind = upToNextMajorVersion;
				minimumVersion = 9.0.0;
			};
		};
/* End XCRemoteSwiftPackageReference section */

/* Begin XCSwiftPackageProductDependency section */
		4067344B274A92030075A9E8 /* Alamofire */ = {
			isa = XCSwiftPackageProductDependency;
			package = 4067344A274A92030075A9E8 /* XCRemoteSwiftPackageReference "Alamofire" */;
			productName = Alamofire;
		};
		406D74C9275406B500B28D8F /* PromiseKit */ = {
			isa = XCSwiftPackageProductDependency;
			package = 406D74C8275406B500B28D8F /* XCRemoteSwiftPackageReference "PromiseKit" */;
			productName = PromiseKit;
		};
		780E237F271348A900052ABE /* Nuke */ = {
			isa = XCSwiftPackageProductDependency;
			package = 780E237E271348A800052ABE /* XCRemoteSwiftPackageReference "Nuke" */;
			productName = Nuke;
		};
/* End XCSwiftPackageProductDependency section */
	};
	rootObject = 784973DE26C5B7860048E855 /* Project object */;
}
