// !$*UTF8*$!
{
	archiveVersion = 1;
	classes = {
	};
	objectVersion = 50;
	objects = {

/* Begin PBXBuildFile section */
		7842973226D6EC0600AC3545 /* AllGroupsViewCell.swift in Sources */ = {isa = PBXBuildFile; fileRef = 7842973026D6EC0600AC3545 /* AllGroupsViewCell.swift */; };
		7842973326D6EC0600AC3545 /* AllGroupsViewCell.xib in Resources */ = {isa = PBXBuildFile; fileRef = 7842973126D6EC0600AC3545 /* AllGroupsViewCell.xib */; };
		7842973726D773B900AC3545 /* FriendImageCell.swift in Sources */ = {isa = PBXBuildFile; fileRef = 7842973626D773B900AC3545 /* FriendImageCell.swift */; };
		7842974226DC227300AC3545 /* FriendViewCell.swift in Sources */ = {isa = PBXBuildFile; fileRef = 7842974026DC227300AC3545 /* FriendViewCell.swift */; };
		7842974326DC227300AC3545 /* FriendViewCell.xib in Resources */ = {isa = PBXBuildFile; fileRef = 7842974126DC227300AC3545 /* FriendViewCell.xib */; };
		7842974726DF49D600AC3545 /* MeViewController.swift in Sources */ = {isa = PBXBuildFile; fileRef = 7842974626DF49D600AC3545 /* MeViewController.swift */; };
		7842974926DF4A6200AC3545 /* LikeControl.swift in Sources */ = {isa = PBXBuildFile; fileRef = 7842974826DF4A6200AC3545 /* LikeControl.swift */; };
		7842976E26E91A3A00AC3545 /* Progress.swift in Sources */ = {isa = PBXBuildFile; fileRef = 7842976D26E91A3A00AC3545 /* Progress.swift */; };
		7842977026EA715D00AC3545 /* AvatarView.swift in Sources */ = {isa = PBXBuildFile; fileRef = 7842976F26EA715D00AC3545 /* AvatarView.swift */; };
		784973EA26C5B7860048E855 /* AppDelegate.swift in Sources */ = {isa = PBXBuildFile; fileRef = 784973E926C5B7860048E855 /* AppDelegate.swift */; };
		784973EC26C5B7860048E855 /* SceneDelegate.swift in Sources */ = {isa = PBXBuildFile; fileRef = 784973EB26C5B7860048E855 /* SceneDelegate.swift */; };
		784973EE26C5B7860048E855 /* LoginViewController.swift in Sources */ = {isa = PBXBuildFile; fileRef = 784973ED26C5B7860048E855 /* LoginViewController.swift */; };
		784973F126C5B7860048E855 /* Main.storyboard in Resources */ = {isa = PBXBuildFile; fileRef = 784973EF26C5B7860048E855 /* Main.storyboard */; };
		784973F326C5B78A0048E855 /* Assets.xcassets in Resources */ = {isa = PBXBuildFile; fileRef = 784973F226C5B78A0048E855 /* Assets.xcassets */; };
		784973F626C5B78A0048E855 /* LaunchScreen.storyboard in Resources */ = {isa = PBXBuildFile; fileRef = 784973F426C5B78A0048E855 /* LaunchScreen.storyboard */; };
		785BC1ED26D51B0B00F0A28F /* User.swift in Sources */ = {isa = PBXBuildFile; fileRef = 785BC1EC26D51B0B00F0A28F /* User.swift */; };
		785BC1F026D51B2B00F0A28F /* Group.swift in Sources */ = {isa = PBXBuildFile; fileRef = 785BC1EF26D51B2B00F0A28F /* Group.swift */; };
		785BC1F326D51BF900F0A28F /* DemoData.swift in Sources */ = {isa = PBXBuildFile; fileRef = 785BC1F226D51BF900F0A28F /* DemoData.swift */; };
		785BC20126D581E600F0A28F /* FriendsTableViewController.swift in Sources */ = {isa = PBXBuildFile; fileRef = 785BC20026D581E600F0A28F /* FriendsTableViewController.swift */; };
		785BC20326D5820B00F0A28F /* FriendCollectionViewController.swift in Sources */ = {isa = PBXBuildFile; fileRef = 785BC20226D5820B00F0A28F /* FriendCollectionViewController.swift */; };
		785BC20526D5822B00F0A28F /* MyGroupsTableViewController.swift in Sources */ = {isa = PBXBuildFile; fileRef = 785BC20426D5822B00F0A28F /* MyGroupsTableViewController.swift */; };
		785BC20726D5824400F0A28F /* AllGroupsTableViewController.swift in Sources */ = {isa = PBXBuildFile; fileRef = 785BC20626D5824400F0A28F /* AllGroupsTableViewController.swift */; };
/* End PBXBuildFile section */

/* Begin PBXFileReference section */
		7842973026D6EC0600AC3545 /* AllGroupsViewCell.swift */ = {isa = PBXFileReference; lastKnownFileType = sourcecode.swift; path = AllGroupsViewCell.swift; sourceTree = "<group>"; };
		7842973126D6EC0600AC3545 /* AllGroupsViewCell.xib */ = {isa = PBXFileReference; lastKnownFileType = file.xib; path = AllGroupsViewCell.xib; sourceTree = "<group>"; };
		7842973626D773B900AC3545 /* FriendImageCell.swift */ = {isa = PBXFileReference; lastKnownFileType = sourcecode.swift; path = FriendImageCell.swift; sourceTree = "<group>"; };
		7842974026DC227300AC3545 /* FriendViewCell.swift */ = {isa = PBXFileReference; lastKnownFileType = sourcecode.swift; path = FriendViewCell.swift; sourceTree = "<group>"; };
		7842974126DC227300AC3545 /* FriendViewCell.xib */ = {isa = PBXFileReference; lastKnownFileType = file.xib; path = FriendViewCell.xib; sourceTree = "<group>"; };
		7842974626DF49D600AC3545 /* MeViewController.swift */ = {isa = PBXFileReference; lastKnownFileType = sourcecode.swift; path = MeViewController.swift; sourceTree = "<group>"; };
		7842974826DF4A6200AC3545 /* LikeControl.swift */ = {isa = PBXFileReference; lastKnownFileType = sourcecode.swift; path = LikeControl.swift; sourceTree = "<group>"; };
		7842976D26E91A3A00AC3545 /* Progress.swift */ = {isa = PBXFileReference; lastKnownFileType = sourcecode.swift; path = Progress.swift; sourceTree = "<group>"; };
		7842976F26EA715D00AC3545 /* AvatarView.swift */ = {isa = PBXFileReference; lastKnownFileType = sourcecode.swift; path = AvatarView.swift; sourceTree = "<group>"; };
		784973E626C5B7860048E855 /* VKGBApp.app */ = {isa = PBXFileReference; explicitFileType = wrapper.application; includeInIndex = 0; path = VKGBApp.app; sourceTree = BUILT_PRODUCTS_DIR; };
		784973E926C5B7860048E855 /* AppDelegate.swift */ = {isa = PBXFileReference; lastKnownFileType = sourcecode.swift; path = AppDelegate.swift; sourceTree = "<group>"; };
		784973EB26C5B7860048E855 /* SceneDelegate.swift */ = {isa = PBXFileReference; lastKnownFileType = sourcecode.swift; path = SceneDelegate.swift; sourceTree = "<group>"; };
		784973ED26C5B7860048E855 /* LoginViewController.swift */ = {isa = PBXFileReference; lastKnownFileType = sourcecode.swift; path = LoginViewController.swift; sourceTree = "<group>"; };
		784973F026C5B7860048E855 /* Base */ = {isa = PBXFileReference; lastKnownFileType = file.storyboard; name = Base; path = Base.lproj/Main.storyboard; sourceTree = "<group>"; };
		784973F226C5B78A0048E855 /* Assets.xcassets */ = {isa = PBXFileReference; lastKnownFileType = folder.assetcatalog; path = Assets.xcassets; sourceTree = "<group>"; };
		784973F526C5B78A0048E855 /* Base */ = {isa = PBXFileReference; lastKnownFileType = file.storyboard; name = Base; path = Base.lproj/LaunchScreen.storyboard; sourceTree = "<group>"; };
		784973F726C5B78A0048E855 /* Info.plist */ = {isa = PBXFileReference; lastKnownFileType = text.plist.xml; path = Info.plist; sourceTree = "<group>"; };
		785BC1EC26D51B0B00F0A28F /* User.swift */ = {isa = PBXFileReference; lastKnownFileType = sourcecode.swift; path = User.swift; sourceTree = "<group>"; };
		785BC1EF26D51B2B00F0A28F /* Group.swift */ = {isa = PBXFileReference; lastKnownFileType = sourcecode.swift; path = Group.swift; sourceTree = "<group>"; };
		785BC1F226D51BF900F0A28F /* DemoData.swift */ = {isa = PBXFileReference; lastKnownFileType = sourcecode.swift; path = DemoData.swift; sourceTree = "<group>"; };
		785BC20026D581E600F0A28F /* FriendsTableViewController.swift */ = {isa = PBXFileReference; lastKnownFileType = sourcecode.swift; path = FriendsTableViewController.swift; sourceTree = "<group>"; };
		785BC20226D5820B00F0A28F /* FriendCollectionViewController.swift */ = {isa = PBXFileReference; lastKnownFileType = sourcecode.swift; path = FriendCollectionViewController.swift; sourceTree = "<group>"; };
		785BC20426D5822B00F0A28F /* MyGroupsTableViewController.swift */ = {isa = PBXFileReference; lastKnownFileType = sourcecode.swift; path = MyGroupsTableViewController.swift; sourceTree = "<group>"; };
		785BC20626D5824400F0A28F /* AllGroupsTableViewController.swift */ = {isa = PBXFileReference; lastKnownFileType = sourcecode.swift; path = AllGroupsTableViewController.swift; sourceTree = "<group>"; };
/* End PBXFileReference section */

/* Begin PBXFrameworksBuildPhase section */
		784973E326C5B7860048E855 /* Frameworks */ = {
			isa = PBXFrameworksBuildPhase;
			buildActionMask = 2147483647;
			files = (
			);
			runOnlyForDeploymentPostprocessing = 0;
		};
/* End PBXFrameworksBuildPhase section */

/* Begin PBXGroup section */
		7842972F26D6EBBD00AC3545 /* Reuse */ = {
			isa = PBXGroup;
			children = (
				7842973026D6EC0600AC3545 /* AllGroupsViewCell.swift */,
				7842973126D6EC0600AC3545 /* AllGroupsViewCell.xib */,
				7842973626D773B900AC3545 /* FriendImageCell.swift */,
				7842976F26EA715D00AC3545 /* AvatarView.swift */,
				7842974026DC227300AC3545 /* FriendViewCell.swift */,
				7842974126DC227300AC3545 /* FriendViewCell.xib */,
				7842974826DF4A6200AC3545 /* LikeControl.swift */,
				7842976D26E91A3A00AC3545 /* Progress.swift */,
			);
			path = Reuse;
			sourceTree = "<group>";
		};
		784973DD26C5B7860048E855 = {
			isa = PBXGroup;
			children = (
				784973E826C5B7860048E855 /* VKGBApp */,
				784973E726C5B7860048E855 /* Products */,
			);
			sourceTree = "<group>";
		};
		784973E726C5B7860048E855 /* Products */ = {
			isa = PBXGroup;
			children = (
				784973E626C5B7860048E855 /* VKGBApp.app */,
			);
			name = Products;
			sourceTree = "<group>";
		};
		784973E826C5B7860048E855 /* VKGBApp */ = {
			isa = PBXGroup;
			children = (
				7842972F26D6EBBD00AC3545 /* Reuse */,
				785BC1F126D51BE000F0A28F /* DemonstrationData */,
				785BC1EB26D51AFB00F0A28F /* Models */,
				784973E926C5B7860048E855 /* AppDelegate.swift */,
				784973EB26C5B7860048E855 /* SceneDelegate.swift */,
				784973FE26C5B7D90048E855 /* Controllers */,
				784973FD26C5B7C70048E855 /* Storyboards */,
				784973F226C5B78A0048E855 /* Assets.xcassets */,
				784973F726C5B78A0048E855 /* Info.plist */,
			);
			path = VKGBApp;
			sourceTree = "<group>";
		};
		784973FD26C5B7C70048E855 /* Storyboards */ = {
			isa = PBXGroup;
			children = (
				784973EF26C5B7860048E855 /* Main.storyboard */,
				784973F426C5B78A0048E855 /* LaunchScreen.storyboard */,
			);
			path = Storyboards;
			sourceTree = "<group>";
		};
		784973FE26C5B7D90048E855 /* Controllers */ = {
			isa = PBXGroup;
			children = (
				784973ED26C5B7860048E855 /* LoginViewController.swift */,
				785BC20026D581E600F0A28F /* FriendsTableViewController.swift */,
				785BC20226D5820B00F0A28F /* FriendCollectionViewController.swift */,
				785BC20426D5822B00F0A28F /* MyGroupsTableViewController.swift */,
				785BC20626D5824400F0A28F /* AllGroupsTableViewController.swift */,
				7842974626DF49D600AC3545 /* MeViewController.swift */,
			);
			path = Controllers;
			sourceTree = "<group>";
		};
		785BC1EB26D51AFB00F0A28F /* Models */ = {
			isa = PBXGroup;
			children = (
				785BC1EC26D51B0B00F0A28F /* User.swift */,
				785BC1EF26D51B2B00F0A28F /* Group.swift */,
			);
			path = Models;
			sourceTree = "<group>";
		};
		785BC1F126D51BE000F0A28F /* DemonstrationData */ = {
			isa = PBXGroup;
			children = (
				785BC1F226D51BF900F0A28F /* DemoData.swift */,
			);
			path = DemonstrationData;
			sourceTree = "<group>";
		};
/* End PBXGroup section */

/* Begin PBXNativeTarget section */
		784973E526C5B7860048E855 /* VKGBApp */ = {
			isa = PBXNativeTarget;
			buildConfigurationList = 784973FA26C5B78A0048E855 /* Build configuration list for PBXNativeTarget "VKGBApp" */;
			buildPhases = (
				784973E226C5B7860048E855 /* Sources */,
				784973E326C5B7860048E855 /* Frameworks */,
				784973E426C5B7860048E855 /* Resources */,
			);
			buildRules = (
			);
			dependencies = (
			);
			name = VKGBApp;
			productName = VKGBApp;
			productReference = 784973E626C5B7860048E855 /* VKGBApp.app */;
			productType = "com.apple.product-type.application";
		};
/* End PBXNativeTarget section */

/* Begin PBXProject section */
		784973DE26C5B7860048E855 /* Project object */ = {
			isa = PBXProject;
			attributes = {
				LastSwiftUpdateCheck = 1250;
				LastUpgradeCheck = 1250;
				TargetAttributes = {
					784973E526C5B7860048E855 = {
						CreatedOnToolsVersion = 12.5.1;
					};
				};
			};
			buildConfigurationList = 784973E126C5B7860048E855 /* Build configuration list for PBXProject "VKGBApp" */;
			compatibilityVersion = "Xcode 9.3";
			developmentRegion = en;
			hasScannedForEncodings = 0;
			knownRegions = (
				en,
				Base,
			);
			mainGroup = 784973DD26C5B7860048E855;
			productRefGroup = 784973E726C5B7860048E855 /* Products */;
			projectDirPath = "";
			projectRoot = "";
			targets = (
				784973E526C5B7860048E855 /* VKGBApp */,
			);
		};
/* End PBXProject section */

/* Begin PBXResourcesBuildPhase section */
		784973E426C5B7860048E855 /* Resources */ = {
			isa = PBXResourcesBuildPhase;
			buildActionMask = 2147483647;
			files = (
				784973F626C5B78A0048E855 /* LaunchScreen.storyboard in Resources */,
				784973F326C5B78A0048E855 /* Assets.xcassets in Resources */,
				7842973326D6EC0600AC3545 /* AllGroupsViewCell.xib in Resources */,
				784973F126C5B7860048E855 /* Main.storyboard in Resources */,
				7842974326DC227300AC3545 /* FriendViewCell.xib in Resources */,
			);
			runOnlyForDeploymentPostprocessing = 0;
		};
/* End PBXResourcesBuildPhase section */

/* Begin PBXSourcesBuildPhase section */
		784973E226C5B7860048E855 /* Sources */ = {
			isa = PBXSourcesBuildPhase;
			buildActionMask = 2147483647;
			files = (
				785BC1F326D51BF900F0A28F /* DemoData.swift in Sources */,
				785BC20526D5822B00F0A28F /* MyGroupsTableViewController.swift in Sources */,
				7842973226D6EC0600AC3545 /* AllGroupsViewCell.swift in Sources */,
				785BC1ED26D51B0B00F0A28F /* User.swift in Sources */,
				785BC20326D5820B00F0A28F /* FriendCollectionViewController.swift in Sources */,
				784973EE26C5B7860048E855 /* LoginViewController.swift in Sources */,
				784973EA26C5B7860048E855 /* AppDelegate.swift in Sources */,
				7842974226DC227300AC3545 /* FriendViewCell.swift in Sources */,
				7842976E26E91A3A00AC3545 /* Progress.swift in Sources */,
				7842974726DF49D600AC3545 /* MeViewController.swift in Sources */,
				7842973726D773B900AC3545 /* FriendImageCell.swift in Sources */,
				785BC1F026D51B2B00F0A28F /* Group.swift in Sources */,
				785BC20726D5824400F0A28F /* AllGroupsTableViewController.swift in Sources */,
				7842974926DF4A6200AC3545 /* LikeControl.swift in Sources */,
				785BC20126D581E600F0A28F /* FriendsTableViewController.swift in Sources */,
				7842977026EA715D00AC3545 /* AvatarView.swift in Sources */,
				784973EC26C5B7860048E855 /* SceneDelegate.swift in Sources */,
			);
			runOnlyForDeploymentPostprocessing = 0;
		};
/* End PBXSourcesBuildPhase section */

/* Begin PBXVariantGroup section */
		784973EF26C5B7860048E855 /* Main.storyboard */ = {
			isa = PBXVariantGroup;
			children = (
				784973F026C5B7860048E855 /* Base */,
			);
			name = Main.storyboard;
			sourceTree = "<group>";
		};
		784973F426C5B78A0048E855 /* LaunchScreen.storyboard */ = {
			isa = PBXVariantGroup;
			children = (
				784973F526C5B78A0048E855 /* Base */,
			);
			name = LaunchScreen.storyboard;
			sourceTree = "<group>";
		};
/* End PBXVariantGroup section */

/* Begin XCBuildConfiguration section */
		784973F826C5B78A0048E855 /* Debug */ = {
			isa = XCBuildConfiguration;
			buildSettings = {
				ALWAYS_SEARCH_USER_PATHS = NO;
				CLANG_ANALYZER_NONNULL = YES;
				CLANG_ANALYZER_NUMBER_OBJECT_CONVERSION = YES_AGGRESSIVE;
				CLANG_CXX_LANGUAGE_STANDARD = "gnu++14";
				CLANG_CXX_LIBRARY = "libc++";
				CLANG_ENABLE_MODULES = YES;
				CLANG_ENABLE_OBJC_ARC = YES;
				CLANG_ENABLE_OBJC_WEAK = YES;
				CLANG_WARN_BLOCK_CAPTURE_AUTORELEASING = YES;
				CLANG_WARN_BOOL_CONVERSION = YES;
				CLANG_WARN_COMMA = YES;
				CLANG_WARN_CONSTANT_CONVERSION = YES;
				CLANG_WARN_DEPRECATED_OBJC_IMPLEMENTATIONS = YES;
				CLANG_WARN_DIRECT_OBJC_ISA_USAGE = YES_ERROR;
				CLANG_WARN_DOCUMENTATION_COMMENTS = YES;
				CLANG_WARN_EMPTY_BODY = YES;
				CLANG_WARN_ENUM_CONVERSION = YES;
				CLANG_WARN_INFINITE_RECURSION = YES;
				CLANG_WARN_INT_CONVERSION = YES;
				CLANG_WARN_NON_LITERAL_NULL_CONVERSION = YES;
				CLANG_WARN_OBJC_IMPLICIT_RETAIN_SELF = YES;
				CLANG_WARN_OBJC_LITERAL_CONVERSION = YES;
				CLANG_WARN_OBJC_ROOT_CLASS = YES_ERROR;
				CLANG_WARN_QUOTED_INCLUDE_IN_FRAMEWORK_HEADER = YES;
				CLANG_WARN_RANGE_LOOP_ANALYSIS = YES;
				CLANG_WARN_STRICT_PROTOTYPES = YES;
				CLANG_WARN_SUSPICIOUS_MOVE = YES;
				CLANG_WARN_UNGUARDED_AVAILABILITY = YES_AGGRESSIVE;
				CLANG_WARN_UNREACHABLE_CODE = YES;
				CLANG_WARN__DUPLICATE_METHOD_MATCH = YES;
				COPY_PHASE_STRIP = NO;
				DEBUG_INFORMATION_FORMAT = dwarf;
				ENABLE_STRICT_OBJC_MSGSEND = YES;
				ENABLE_TESTABILITY = YES;
				GCC_C_LANGUAGE_STANDARD = gnu11;
				GCC_DYNAMIC_NO_PIC = NO;
				GCC_NO_COMMON_BLOCKS = YES;
				GCC_OPTIMIZATION_LEVEL = 0;
				GCC_PREPROCESSOR_DEFINITIONS = (
					"DEBUG=1",
					"$(inherited)",
				);
				GCC_WARN_64_TO_32_BIT_CONVERSION = YES;
				GCC_WARN_ABOUT_RETURN_TYPE = YES_ERROR;
				GCC_WARN_UNDECLARED_SELECTOR = YES;
				GCC_WARN_UNINITIALIZED_AUTOS = YES_AGGRESSIVE;
				GCC_WARN_UNUSED_FUNCTION = YES;
				GCC_WARN_UNUSED_VARIABLE = YES;
				IPHONEOS_DEPLOYMENT_TARGET = 14.5;
				MTL_ENABLE_DEBUG_INFO = INCLUDE_SOURCE;
				MTL_FAST_MATH = YES;
				ONLY_ACTIVE_ARCH = YES;
				SDKROOT = iphoneos;
				SWIFT_ACTIVE_COMPILATION_CONDITIONS = DEBUG;
				SWIFT_OPTIMIZATION_LEVEL = "-Onone";
			};
			name = Debug;
		};
		784973F926C5B78A0048E855 /* Release */ = {
			isa = XCBuildConfiguration;
			buildSettings = {
				ALWAYS_SEARCH_USER_PATHS = NO;
				CLANG_ANALYZER_NONNULL = YES;
				CLANG_ANALYZER_NUMBER_OBJECT_CONVERSION = YES_AGGRESSIVE;
				CLANG_CXX_LANGUAGE_STANDARD = "gnu++14";
				CLANG_CXX_LIBRARY = "libc++";
				CLANG_ENABLE_MODULES = YES;
				CLANG_ENABLE_OBJC_ARC = YES;
				CLANG_ENABLE_OBJC_WEAK = YES;
				CLANG_WARN_BLOCK_CAPTURE_AUTORELEASING = YES;
				CLANG_WARN_BOOL_CONVERSION = YES;
				CLANG_WARN_COMMA = YES;
				CLANG_WARN_CONSTANT_CONVERSION = YES;
				CLANG_WARN_DEPRECATED_OBJC_IMPLEMENTATIONS = YES;
				CLANG_WARN_DIRECT_OBJC_ISA_USAGE = YES_ERROR;
				CLANG_WARN_DOCUMENTATION_COMMENTS = YES;
				CLANG_WARN_EMPTY_BODY = YES;
				CLANG_WARN_ENUM_CONVERSION = YES;
				CLANG_WARN_INFINITE_RECURSION = YES;
				CLANG_WARN_INT_CONVERSION = YES;
				CLANG_WARN_NON_LITERAL_NULL_CONVERSION = YES;
				CLANG_WARN_OBJC_IMPLICIT_RETAIN_SELF = YES;
				CLANG_WARN_OBJC_LITERAL_CONVERSION = YES;
				CLANG_WARN_OBJC_ROOT_CLASS = YES_ERROR;
				CLANG_WARN_QUOTED_INCLUDE_IN_FRAMEWORK_HEADER = YES;
				CLANG_WARN_RANGE_LOOP_ANALYSIS = YES;
				CLANG_WARN_STRICT_PROTOTYPES = YES;
				CLANG_WARN_SUSPICIOUS_MOVE = YES;
				CLANG_WARN_UNGUARDED_AVAILABILITY = YES_AGGRESSIVE;
				CLANG_WARN_UNREACHABLE_CODE = YES;
				CLANG_WARN__DUPLICATE_METHOD_MATCH = YES;
				COPY_PHASE_STRIP = NO;
				DEBUG_INFORMATION_FORMAT = "dwarf-with-dsym";
				ENABLE_NS_ASSERTIONS = NO;
				ENABLE_STRICT_OBJC_MSGSEND = YES;
				GCC_C_LANGUAGE_STANDARD = gnu11;
				GCC_NO_COMMON_BLOCKS = YES;
				GCC_WARN_64_TO_32_BIT_CONVERSION = YES;
				GCC_WARN_ABOUT_RETURN_TYPE = YES_ERROR;
				GCC_WARN_UNDECLARED_SELECTOR = YES;
				GCC_WARN_UNINITIALIZED_AUTOS = YES_AGGRESSIVE;
				GCC_WARN_UNUSED_FUNCTION = YES;
				GCC_WARN_UNUSED_VARIABLE = YES;
				IPHONEOS_DEPLOYMENT_TARGET = 14.5;
				MTL_ENABLE_DEBUG_INFO = NO;
				MTL_FAST_MATH = YES;
				SDKROOT = iphoneos;
				SWIFT_COMPILATION_MODE = wholemodule;
				SWIFT_OPTIMIZATION_LEVEL = "-O";
				VALIDATE_PRODUCT = YES;
			};
			name = Release;
		};
		784973FB26C5B78A0048E855 /* Debug */ = {
			isa = XCBuildConfiguration;
			buildSettings = {
				ASSETCATALOG_COMPILER_APPICON_NAME = AppIcon;
				ASSETCATALOG_COMPILER_GLOBAL_ACCENT_COLOR_NAME = AccentColor;
				CODE_SIGN_STYLE = Automatic;
				DEVELOPMENT_TEAM = LKF6A6MC84;
				INFOPLIST_FILE = VKGBApp/Info.plist;
				LD_RUNPATH_SEARCH_PATHS = (
					"$(inherited)",
					"@executable_path/Frameworks",
				);
				PRODUCT_BUNDLE_IDENTIFIER = Igor2890.VKGBApp;
				PRODUCT_NAME = "$(TARGET_NAME)";
				SWIFT_VERSION = 5.0;
				TARGETED_DEVICE_FAMILY = "1,2";
			};
			name = Debug;
		};
		784973FC26C5B78A0048E855 /* Release */ = {
			isa = XCBuildConfiguration;
			buildSettings = {
				ASSETCATALOG_COMPILER_APPICON_NAME = AppIcon;
				ASSETCATALOG_COMPILER_GLOBAL_ACCENT_COLOR_NAME = AccentColor;
				CODE_SIGN_STYLE = Automatic;
				DEVELOPMENT_TEAM = LKF6A6MC84;
				INFOPLIST_FILE = VKGBApp/Info.plist;
				LD_RUNPATH_SEARCH_PATHS = (
					"$(inherited)",
					"@executable_path/Frameworks",
				);
				PRODUCT_BUNDLE_IDENTIFIER = Igor2890.VKGBApp;
				PRODUCT_NAME = "$(TARGET_NAME)";
				SWIFT_VERSION = 5.0;
				TARGETED_DEVICE_FAMILY = "1,2";
			};
			name = Release;
		};
/* End XCBuildConfiguration section */

/* Begin XCConfigurationList section */
		784973E126C5B7860048E855 /* Build configuration list for PBXProject "VKGBApp" */ = {
			isa = XCConfigurationList;
			buildConfigurations = (
				784973F826C5B78A0048E855 /* Debug */,
				784973F926C5B78A0048E855 /* Release */,
			);
			defaultConfigurationIsVisible = 0;
			defaultConfigurationName = Release;
		};
		784973FA26C5B78A0048E855 /* Build configuration list for PBXNativeTarget "VKGBApp" */ = {
			isa = XCConfigurationList;
			buildConfigurations = (
				784973FB26C5B78A0048E855 /* Debug */,
				784973FC26C5B78A0048E855 /* Release */,
			);
			defaultConfigurationIsVisible = 0;
			defaultConfigurationName = Release;
		};
/* End XCConfigurationList section */
	};
	rootObject = 784973DE26C5B7860048E855 /* Project object */;
}
