// !$*UTF8*$!
{
	archiveVersion = 1;
	classes = {
	};
	objectVersion = 55;
	objects = {

/* Begin PBXBuildFile section */
		40A4C00727A6EFE400A82826 /* ContentView.swift in Sources */ = {isa = PBXBuildFile; fileRef = 40A4C00627A6EFE400A82826 /* ContentView.swift */; };
		40A4C00B27A6F6F000A82826 /* User.swift in Sources */ = {isa = PBXBuildFile; fileRef = 40A4C00A27A6F6F000A82826 /* User.swift */; };
		40A4C00D27A6F91400A82826 /* CellView.swift in Sources */ = {isa = PBXBuildFile; fileRef = 40A4C00C27A6F91400A82826 /* CellView.swift */; };
		40A4C00F27A6FAB700A82826 /* UsersView.swift in Sources */ = {isa = PBXBuildFile; fileRef = 40A4C00E27A6FAB700A82826 /* UsersView.swift */; };
		40A4C01127A707C100A82826 /* MainView.swift in Sources */ = {isa = PBXBuildFile; fileRef = 40A4C01027A707C100A82826 /* MainView.swift */; };
		40A4C01427A713A800A82826 /* ASCollectionView in Frameworks */ = {isa = PBXBuildFile; productRef = 40A4C01327A713A800A82826 /* ASCollectionView */; };
		40A4C01627A7143900A82826 /* PhotoView.swift in Sources */ = {isa = PBXBuildFile; fileRef = 40A4C01527A7143900A82826 /* PhotoView.swift */; };
		40A4C01827A716CA00A82826 /* Photo.swift in Sources */ = {isa = PBXBuildFile; fileRef = 40A4C01727A716CA00A82826 /* Photo.swift */; };
		40BB9245279A0A780031BA2D /* VKGB_SwiftUIApp.swift in Sources */ = {isa = PBXBuildFile; fileRef = 40BB9244279A0A780031BA2D /* VKGB_SwiftUIApp.swift */; };
		40BB9247279A0A780031BA2D /* LoginView.swift in Sources */ = {isa = PBXBuildFile; fileRef = 40BB9246279A0A780031BA2D /* LoginView.swift */; };
		40BB9249279A0A7A0031BA2D /* Assets.xcassets in Resources */ = {isa = PBXBuildFile; fileRef = 40BB9248279A0A7A0031BA2D /* Assets.xcassets */; };
		40BB924C279A0A7A0031BA2D /* Preview Assets.xcassets in Resources */ = {isa = PBXBuildFile; fileRef = 40BB924B279A0A7A0031BA2D /* Preview Assets.xcassets */; };
/* End PBXBuildFile section */

/* Begin PBXFileReference section */
		40A4C00627A6EFE400A82826 /* ContentView.swift */ = {isa = PBXFileReference; lastKnownFileType = sourcecode.swift; path = ContentView.swift; sourceTree = "<group>"; };
		40A4C00A27A6F6F000A82826 /* User.swift */ = {isa = PBXFileReference; lastKnownFileType = sourcecode.swift; path = User.swift; sourceTree = "<group>"; };
		40A4C00C27A6F91400A82826 /* CellView.swift */ = {isa = PBXFileReference; lastKnownFileType = sourcecode.swift; path = CellView.swift; sourceTree = "<group>"; };
		40A4C00E27A6FAB700A82826 /* UsersView.swift */ = {isa = PBXFileReference; lastKnownFileType = sourcecode.swift; path = UsersView.swift; sourceTree = "<group>"; };
		40A4C01027A707C100A82826 /* MainView.swift */ = {isa = PBXFileReference; lastKnownFileType = sourcecode.swift; path = MainView.swift; sourceTree = "<group>"; };
		40A4C01527A7143900A82826 /* PhotoView.swift */ = {isa = PBXFileReference; lastKnownFileType = sourcecode.swift; path = PhotoView.swift; sourceTree = "<group>"; };
		40A4C01727A716CA00A82826 /* Photo.swift */ = {isa = PBXFileReference; lastKnownFileType = sourcecode.swift; path = Photo.swift; sourceTree = "<group>"; };
		40BB9241279A0A780031BA2D /* VKGB_SwiftUI.app */ = {isa = PBXFileReference; explicitFileType = wrapper.application; includeInIndex = 0; path = VKGB_SwiftUI.app; sourceTree = BUILT_PRODUCTS_DIR; };
		40BB9244279A0A780031BA2D /* VKGB_SwiftUIApp.swift */ = {isa = PBXFileReference; lastKnownFileType = sourcecode.swift; path = VKGB_SwiftUIApp.swift; sourceTree = "<group>"; };
		40BB9246279A0A780031BA2D /* LoginView.swift */ = {isa = PBXFileReference; lastKnownFileType = sourcecode.swift; path = LoginView.swift; sourceTree = "<group>"; };
		40BB9248279A0A7A0031BA2D /* Assets.xcassets */ = {isa = PBXFileReference; lastKnownFileType = folder.assetcatalog; path = Assets.xcassets; sourceTree = "<group>"; };
		40BB924B279A0A7A0031BA2D /* Preview Assets.xcassets */ = {isa = PBXFileReference; lastKnownFileType = folder.assetcatalog; path = "Preview Assets.xcassets"; sourceTree = "<group>"; };
/* End PBXFileReference section */

/* Begin PBXFrameworksBuildPhase section */
		40BB923E279A0A780031BA2D /* Frameworks */ = {
			isa = PBXFrameworksBuildPhase;
			buildActionMask = 2147483647;
			files = (
				40A4C01427A713A800A82826 /* ASCollectionView in Frameworks */,
			);
			runOnlyForDeploymentPostprocessing = 0;
		};
/* End PBXFrameworksBuildPhase section */

/* Begin PBXGroup section */
		40A4C00827A6F6BC00A82826 /* View */ = {
			isa = PBXGroup;
			children = (
				40A4C00627A6EFE400A82826 /* ContentView.swift */,
				40BB9246279A0A780031BA2D /* LoginView.swift */,
				40A4C01027A707C100A82826 /* MainView.swift */,
				40A4C00E27A6FAB700A82826 /* UsersView.swift */,
				40A4C00C27A6F91400A82826 /* CellView.swift */,
				40A4C01527A7143900A82826 /* PhotoView.swift */,
			);
			path = View;
			sourceTree = "<group>";
		};
		40A4C00927A6F6D000A82826 /* Model */ = {
			isa = PBXGroup;
			children = (
				40A4C00A27A6F6F000A82826 /* User.swift */,
				40A4C01727A716CA00A82826 /* Photo.swift */,
			);
			path = Model;
			sourceTree = "<group>";
		};
		40BB9238279A0A780031BA2D = {
			isa = PBXGroup;
			children = (
				40BB9243279A0A780031BA2D /* VKGB_SwiftUI */,
				40BB9242279A0A780031BA2D /* Products */,
			);
			sourceTree = "<group>";
		};
		40BB9242279A0A780031BA2D /* Products */ = {
			isa = PBXGroup;
			children = (
				40BB9241279A0A780031BA2D /* VKGB_SwiftUI.app */,
			);
			name = Products;
			sourceTree = "<group>";
		};
		40BB9243279A0A780031BA2D /* VKGB_SwiftUI */ = {
			isa = PBXGroup;
			children = (
				40BB9244279A0A780031BA2D /* VKGB_SwiftUIApp.swift */,
				40A4C00827A6F6BC00A82826 /* View */,
				40A4C00927A6F6D000A82826 /* Model */,
				40BB9248279A0A7A0031BA2D /* Assets.xcassets */,
				40BB924A279A0A7A0031BA2D /* Preview Content */,
			);
			path = VKGB_SwiftUI;
			sourceTree = "<group>";
		};
		40BB924A279A0A7A0031BA2D /* Preview Content */ = {
			isa = PBXGroup;
			children = (
				40BB924B279A0A7A0031BA2D /* Preview Assets.xcassets */,
			);
			path = "Preview Content";
			sourceTree = "<group>";
		};
/* End PBXGroup section */

/* Begin PBXNativeTarget section */
		40BB9240279A0A780031BA2D /* VKGB_SwiftUI */ = {
			isa = PBXNativeTarget;
			buildConfigurationList = 40BB924F279A0A7A0031BA2D /* Build configuration list for PBXNativeTarget "VKGB_SwiftUI" */;
			buildPhases = (
				40BB923D279A0A780031BA2D /* Sources */,
				40BB923E279A0A780031BA2D /* Frameworks */,
				40BB923F279A0A780031BA2D /* Resources */,
			);
			buildRules = (
			);
			dependencies = (
			);
			name = VKGB_SwiftUI;
			packageProductDependencies = (
				40A4C01327A713A800A82826 /* ASCollectionView */,
			);
			productName = VKGB_SwiftUI;
			productReference = 40BB9241279A0A780031BA2D /* VKGB_SwiftUI.app */;
			productType = "com.apple.product-type.application";
		};
/* End PBXNativeTarget section */

/* Begin PBXProject section */
		40BB9239279A0A780031BA2D /* Project object */ = {
			isa = PBXProject;
			attributes = {
				BuildIndependentTargetsInParallel = 1;
				LastSwiftUpdateCheck = 1320;
				LastUpgradeCheck = 1320;
				TargetAttributes = {
					40BB9240279A0A780031BA2D = {
						CreatedOnToolsVersion = 13.2.1;
					};
				};
			};
			buildConfigurationList = 40BB923C279A0A780031BA2D /* Build configuration list for PBXProject "VKGB_SwiftUI" */;
			compatibilityVersion = "Xcode 13.0";
			developmentRegion = en;
			hasScannedForEncodings = 0;
			knownRegions = (
				en,
				Base,
			);
			mainGroup = 40BB9238279A0A780031BA2D;
			packageReferences = (
				40A4C01227A713A800A82826 /* XCRemoteSwiftPackageReference "ASCollectionView" */,
			);
			productRefGroup = 40BB9242279A0A780031BA2D /* Products */;
			projectDirPath = "";
			projectRoot = "";
			targets = (
				40BB9240279A0A780031BA2D /* VKGB_SwiftUI */,
			);
		};
/* End PBXProject section */

/* Begin PBXResourcesBuildPhase section */
		40BB923F279A0A780031BA2D /* Resources */ = {
			isa = PBXResourcesBuildPhase;
			buildActionMask = 2147483647;
			files = (
				40BB924C279A0A7A0031BA2D /* Preview Assets.xcassets in Resources */,
				40BB9249279A0A7A0031BA2D /* Assets.xcassets in Resources */,
			);
			runOnlyForDeploymentPostprocessing = 0;
		};
/* End PBXResourcesBuildPhase section */

/* Begin PBXSourcesBuildPhase section */
		40BB923D279A0A780031BA2D /* Sources */ = {
			isa = PBXSourcesBuildPhase;
			buildActionMask = 2147483647;
			files = (
				40A4C00B27A6F6F000A82826 /* User.swift in Sources */,
				40A4C01127A707C100A82826 /* MainView.swift in Sources */,
				40A4C00D27A6F91400A82826 /* CellView.swift in Sources */,
				40A4C01827A716CA00A82826 /* Photo.swift in Sources */,
				40BB9247279A0A780031BA2D /* LoginView.swift in Sources */,
				40BB9245279A0A780031BA2D /* VKGB_SwiftUIApp.swift in Sources */,
				40A4C00727A6EFE400A82826 /* ContentView.swift in Sources */,
				40A4C00F27A6FAB700A82826 /* UsersView.swift in Sources */,
				40A4C01627A7143900A82826 /* PhotoView.swift in Sources */,
			);
			runOnlyForDeploymentPostprocessing = 0;
		};
/* End PBXSourcesBuildPhase section */

/* Begin XCBuildConfiguration section */
		40BB924D279A0A7A0031BA2D /* Debug */ = {
			isa = XCBuildConfiguration;
			buildSettings = {
				ALWAYS_SEARCH_USER_PATHS = NO;
				CLANG_ANALYZER_NONNULL = YES;
				CLANG_ANALYZER_NUMBER_OBJECT_CONVERSION = YES_AGGRESSIVE;
				CLANG_CXX_LANGUAGE_STANDARD = "gnu++17";
				CLANG_CXX_LIBRARY = "libc++";
				CLANG_ENABLE_MODULES = YES;
				CLANG_ENABLE_OBJC_ARC = YES;
				CLANG_ENABLE_OBJC_WEAK = YES;
				CLANG_WARN_BLOCK_CAPTURE_AUTORELEASING = YES;
				CLANG_WARN_BOOL_CONVERSION = YES;
				CLANG_WARN_COMMA = YES;
				CLANG_WARN_CONSTANT_CONVERSION = YES;
				CLANG_WARN_DEPRECATED_OBJC_IMPLEMENTATIONS = YES;
				CLANG_WARN_DIRECT_OBJC_ISA_USAGE = YES_ERROR;
				CLANG_WARN_DOCUMENTATION_COMMENTS = YES;
				CLANG_WARN_EMPTY_BODY = YES;
				CLANG_WARN_ENUM_CONVERSION = YES;
				CLANG_WARN_INFINITE_RECURSION = YES;
				CLANG_WARN_INT_CONVERSION = YES;
				CLANG_WARN_NON_LITERAL_NULL_CONVERSION = YES;
				CLANG_WARN_OBJC_IMPLICIT_RETAIN_SELF = YES;
				CLANG_WARN_OBJC_LITERAL_CONVERSION = YES;
				CLANG_WARN_OBJC_ROOT_CLASS = YES_ERROR;
				CLANG_WARN_QUOTED_INCLUDE_IN_FRAMEWORK_HEADER = YES;
				CLANG_WARN_RANGE_LOOP_ANALYSIS = YES;
				CLANG_WARN_STRICT_PROTOTYPES = YES;
				CLANG_WARN_SUSPICIOUS_MOVE = YES;
				CLANG_WARN_UNGUARDED_AVAILABILITY = YES_AGGRESSIVE;
				CLANG_WARN_UNREACHABLE_CODE = YES;
				CLANG_WARN__DUPLICATE_METHOD_MATCH = YES;
				COPY_PHASE_STRIP = NO;
				DEBUG_INFORMATION_FORMAT = dwarf;
				ENABLE_STRICT_OBJC_MSGSEND = YES;
				ENABLE_TESTABILITY = YES;
				GCC_C_LANGUAGE_STANDARD = gnu11;
				GCC_DYNAMIC_NO_PIC = NO;
				GCC_NO_COMMON_BLOCKS = YES;
				GCC_OPTIMIZATION_LEVEL = 0;
				GCC_PREPROCESSOR_DEFINITIONS = (
					"DEBUG=1",
					"$(inherited)",
				);
				GCC_WARN_64_TO_32_BIT_CONVERSION = YES;
				GCC_WARN_ABOUT_RETURN_TYPE = YES_ERROR;
				GCC_WARN_UNDECLARED_SELECTOR = YES;
				GCC_WARN_UNINITIALIZED_AUTOS = YES_AGGRESSIVE;
				GCC_WARN_UNUSED_FUNCTION = YES;
				GCC_WARN_UNUSED_VARIABLE = YES;
				IPHONEOS_DEPLOYMENT_TARGET = 15.2;
				MTL_ENABLE_DEBUG_INFO = INCLUDE_SOURCE;
				MTL_FAST_MATH = YES;
				ONLY_ACTIVE_ARCH = YES;
				SDKROOT = iphoneos;
				SWIFT_ACTIVE_COMPILATION_CONDITIONS = DEBUG;
				SWIFT_OPTIMIZATION_LEVEL = "-Onone";
			};
			name = Debug;
		};
		40BB924E279A0A7A0031BA2D /* Release */ = {
			isa = XCBuildConfiguration;
			buildSettings = {
				ALWAYS_SEARCH_USER_PATHS = NO;
				CLANG_ANALYZER_NONNULL = YES;
				CLANG_ANALYZER_NUMBER_OBJECT_CONVERSION = YES_AGGRESSIVE;
				CLANG_CXX_LANGUAGE_STANDARD = "gnu++17";
				CLANG_CXX_LIBRARY = "libc++";
				CLANG_ENABLE_MODULES = YES;
				CLANG_ENABLE_OBJC_ARC = YES;
				CLANG_ENABLE_OBJC_WEAK = YES;
				CLANG_WARN_BLOCK_CAPTURE_AUTORELEASING = YES;
				CLANG_WARN_BOOL_CONVERSION = YES;
				CLANG_WARN_COMMA = YES;
				CLANG_WARN_CONSTANT_CONVERSION = YES;
				CLANG_WARN_DEPRECATED_OBJC_IMPLEMENTATIONS = YES;
				CLANG_WARN_DIRECT_OBJC_ISA_USAGE = YES_ERROR;
				CLANG_WARN_DOCUMENTATION_COMMENTS = YES;
				CLANG_WARN_EMPTY_BODY = YES;
				CLANG_WARN_ENUM_CONVERSION = YES;
				CLANG_WARN_INFINITE_RECURSION = YES;
				CLANG_WARN_INT_CONVERSION = YES;
				CLANG_WARN_NON_LITERAL_NULL_CONVERSION = YES;
				CLANG_WARN_OBJC_IMPLICIT_RETAIN_SELF = YES;
				CLANG_WARN_OBJC_LITERAL_CONVERSION = YES;
				CLANG_WARN_OBJC_ROOT_CLASS = YES_ERROR;
				CLANG_WARN_QUOTED_INCLUDE_IN_FRAMEWORK_HEADER = YES;
				CLANG_WARN_RANGE_LOOP_ANALYSIS = YES;
				CLANG_WARN_STRICT_PROTOTYPES = YES;
				CLANG_WARN_SUSPICIOUS_MOVE = YES;
				CLANG_WARN_UNGUARDED_AVAILABILITY = YES_AGGRESSIVE;
				CLANG_WARN_UNREACHABLE_CODE = YES;
				CLANG_WARN__DUPLICATE_METHOD_MATCH = YES;
				COPY_PHASE_STRIP = NO;
				DEBUG_INFORMATION_FORMAT = "dwarf-with-dsym";
				ENABLE_NS_ASSERTIONS = NO;
				ENABLE_STRICT_OBJC_MSGSEND = YES;
				GCC_C_LANGUAGE_STANDARD = gnu11;
				GCC_NO_COMMON_BLOCKS = YES;
				GCC_WARN_64_TO_32_BIT_CONVERSION = YES;
				GCC_WARN_ABOUT_RETURN_TYPE = YES_ERROR;
				GCC_WARN_UNDECLARED_SELECTOR = YES;
				GCC_WARN_UNINITIALIZED_AUTOS = YES_AGGRESSIVE;
				GCC_WARN_UNUSED_FUNCTION = YES;
				GCC_WARN_UNUSED_VARIABLE = YES;
				IPHONEOS_DEPLOYMENT_TARGET = 15.2;
				MTL_ENABLE_DEBUG_INFO = NO;
				MTL_FAST_MATH = YES;
				SDKROOT = iphoneos;
				SWIFT_COMPILATION_MODE = wholemodule;
				SWIFT_OPTIMIZATION_LEVEL = "-O";
				VALIDATE_PRODUCT = YES;
			};
			name = Release;
		};
		40BB9250279A0A7A0031BA2D /* Debug */ = {
			isa = XCBuildConfiguration;
			buildSettings = {
				ASSETCATALOG_COMPILER_APPICON_NAME = AppIcon;
				ASSETCATALOG_COMPILER_GLOBAL_ACCENT_COLOR_NAME = AccentColor;
				CODE_SIGN_STYLE = Automatic;
				CURRENT_PROJECT_VERSION = 1;
				DEVELOPMENT_ASSET_PATHS = "\"VKGB_SwiftUI/Preview Content\"";
				DEVELOPMENT_TEAM = LKF6A6MC84;
				ENABLE_PREVIEWS = YES;
				GENERATE_INFOPLIST_FILE = YES;
				INFOPLIST_KEY_UIApplicationSceneManifest_Generation = YES;
				INFOPLIST_KEY_UIApplicationSupportsIndirectInputEvents = YES;
				INFOPLIST_KEY_UILaunchScreen_Generation = YES;
				INFOPLIST_KEY_UISupportedInterfaceOrientations_iPad = "UIInterfaceOrientationPortrait UIInterfaceOrientationPortraitUpsideDown UIInterfaceOrientationLandscapeLeft UIInterfaceOrientationLandscapeRight";
				INFOPLIST_KEY_UISupportedInterfaceOrientations_iPhone = "UIInterfaceOrientationPortrait UIInterfaceOrientationLandscapeLeft UIInterfaceOrientationLandscapeRight";
				LD_RUNPATH_SEARCH_PATHS = (
					"$(inherited)",
					"@executable_path/Frameworks",
				);
				MARKETING_VERSION = 1.0;
				PRODUCT_BUNDLE_IDENTIFIER = "com.igor2890.VKGB-SwiftUI";
				PRODUCT_NAME = "$(TARGET_NAME)";
				SWIFT_EMIT_LOC_STRINGS = YES;
				SWIFT_VERSION = 5.0;
				TARGETED_DEVICE_FAMILY = "1,2";
			};
			name = Debug;
		};
		40BB9251279A0A7A0031BA2D /* Release */ = {
			isa = XCBuildConfiguration;
			buildSettings = {
				ASSETCATALOG_COMPILER_APPICON_NAME = AppIcon;
				ASSETCATALOG_COMPILER_GLOBAL_ACCENT_COLOR_NAME = AccentColor;
				CODE_SIGN_STYLE = Automatic;
				CURRENT_PROJECT_VERSION = 1;
				DEVELOPMENT_ASSET_PATHS = "\"VKGB_SwiftUI/Preview Content\"";
				DEVELOPMENT_TEAM = LKF6A6MC84;
				ENABLE_PREVIEWS = YES;
				GENERATE_INFOPLIST_FILE = YES;
				INFOPLIST_KEY_UIApplicationSceneManifest_Generation = YES;
				INFOPLIST_KEY_UIApplicationSupportsIndirectInputEvents = YES;
				INFOPLIST_KEY_UILaunchScreen_Generation = YES;
				INFOPLIST_KEY_UISupportedInterfaceOrientations_iPad = "UIInterfaceOrientationPortrait UIInterfaceOrientationPortraitUpsideDown UIInterfaceOrientationLandscapeLeft UIInterfaceOrientationLandscapeRight";
				INFOPLIST_KEY_UISupportedInterfaceOrientations_iPhone = "UIInterfaceOrientationPortrait UIInterfaceOrientationLandscapeLeft UIInterfaceOrientationLandscapeRight";
				LD_RUNPATH_SEARCH_PATHS = (
					"$(inherited)",
					"@executable_path/Frameworks",
				);
				MARKETING_VERSION = 1.0;
				PRODUCT_BUNDLE_IDENTIFIER = "com.igor2890.VKGB-SwiftUI";
				PRODUCT_NAME = "$(TARGET_NAME)";
				SWIFT_EMIT_LOC_STRINGS = YES;
				SWIFT_VERSION = 5.0;
				TARGETED_DEVICE_FAMILY = "1,2";
			};
			name = Release;
		};
/* End XCBuildConfiguration section */

/* Begin XCConfigurationList section */
		40BB923C279A0A780031BA2D /* Build configuration list for PBXProject "VKGB_SwiftUI" */ = {
			isa = XCConfigurationList;
			buildConfigurations = (
				40BB924D279A0A7A0031BA2D /* Debug */,
				40BB924E279A0A7A0031BA2D /* Release */,
			);
			defaultConfigurationIsVisible = 0;
			defaultConfigurationName = Release;
		};
		40BB924F279A0A7A0031BA2D /* Build configuration list for PBXNativeTarget "VKGB_SwiftUI" */ = {
			isa = XCConfigurationList;
			buildConfigurations = (
				40BB9250279A0A7A0031BA2D /* Debug */,
				40BB9251279A0A7A0031BA2D /* Release */,
			);
			defaultConfigurationIsVisible = 0;
			defaultConfigurationName = Release;
		};
/* End XCConfigurationList section */

/* Begin XCRemoteSwiftPackageReference section */
		40A4C01227A713A800A82826 /* XCRemoteSwiftPackageReference "ASCollectionView" */ = {
			isa = XCRemoteSwiftPackageReference;
			repositoryURL = "https://github.com/apptekstudios/ASCollectionView";
			requirement = {
				kind = upToNextMajorVersion;
				minimumVersion = 2.0.0;
			};
		};
/* End XCRemoteSwiftPackageReference section */

/* Begin XCSwiftPackageProductDependency section */
		40A4C01327A713A800A82826 /* ASCollectionView */ = {
			isa = XCSwiftPackageProductDependency;
			package = 40A4C01227A713A800A82826 /* XCRemoteSwiftPackageReference "ASCollectionView" */;
			productName = ASCollectionView;
		};
/* End XCSwiftPackageProductDependency section */
	};
	rootObject = 40BB9239279A0A780031BA2D /* Project object */;
}
