// !$*UTF8*$!
{
	archiveVersion = 1;
	classes = {
	};
	objectVersion = 50;
	objects = {

/* Begin PBXBuildFile section */
		784973AC26B9D3D90048E855 /* main.swift in Sources */ = {isa = PBXBuildFile; fileRef = 784973AB26B9D3D90048E855 /* main.swift */; };
		784973B326B9D4890048E855 /* Castle.swift in Sources */ = {isa = PBXBuildFile; fileRef = 784973B226B9D4890048E855 /* Castle.swift */; };
		784973B526BAF4D10048E855 /* Server.swift in Sources */ = {isa = PBXBuildFile; fileRef = 784973B426BAF4D10048E855 /* Server.swift */; };
		784973BA26C186E90048E855 /* ErrorHandler.swift in Sources */ = {isa = PBXBuildFile; fileRef = 784973B926C186E90048E855 /* ErrorHandler.swift */; };
		784973BC26C18BEB0048E855 /* ErrorEnum.swift in Sources */ = {isa = PBXBuildFile; fileRef = 784973BB26C18BEB0048E855 /* ErrorEnum.swift */; };
/* End PBXBuildFile section */

/* Begin PBXCopyFilesBuildPhase section */
		784973A626B9D3D90048E855 /* CopyFiles */ = {
			isa = PBXCopyFilesBuildPhase;
			buildActionMask = 2147483647;
			dstPath = /usr/share/man/man1/;
			dstSubfolderSpec = 0;
			files = (
			);
			runOnlyForDeploymentPostprocessing = 1;
		};
/* End PBXCopyFilesBuildPhase section */

/* Begin PBXFileReference section */
		784973A826B9D3D90048E855 /* 7l_AndrianovIgor */ = {isa = PBXFileReference; explicitFileType = "compiled.mach-o.executable"; includeInIndex = 0; path = 7l_AndrianovIgor; sourceTree = BUILT_PRODUCTS_DIR; };
		784973AB26B9D3D90048E855 /* main.swift */ = {isa = PBXFileReference; lastKnownFileType = sourcecode.swift; path = main.swift; sourceTree = "<group>"; };
		784973B226B9D4890048E855 /* Castle.swift */ = {isa = PBXFileReference; lastKnownFileType = sourcecode.swift; path = Castle.swift; sourceTree = "<group>"; };
		784973B426BAF4D10048E855 /* Server.swift */ = {isa = PBXFileReference; lastKnownFileType = sourcecode.swift; path = Server.swift; sourceTree = "<group>"; };
		784973B926C186E90048E855 /* ErrorHandler.swift */ = {isa = PBXFileReference; lastKnownFileType = sourcecode.swift; path = ErrorHandler.swift; sourceTree = "<group>"; };
		784973BB26C18BEB0048E855 /* ErrorEnum.swift */ = {isa = PBXFileReference; lastKnownFileType = sourcecode.swift; path = ErrorEnum.swift; sourceTree = "<group>"; };
/* End PBXFileReference section */

/* Begin PBXFrameworksBuildPhase section */
		784973A526B9D3D90048E855 /* Frameworks */ = {
			isa = PBXFrameworksBuildPhase;
			buildActionMask = 2147483647;
			files = (
			);
			runOnlyForDeploymentPostprocessing = 0;
		};
/* End PBXFrameworksBuildPhase section */

/* Begin PBXGroup section */
		7849739F26B9D3D90048E855 = {
			isa = PBXGroup;
			children = (
				784973AA26B9D3D90048E855 /* 7l_AndrianovIgor */,
				784973A926B9D3D90048E855 /* Products */,
			);
			sourceTree = "<group>";
		};
		784973A926B9D3D90048E855 /* Products */ = {
			isa = PBXGroup;
			children = (
				784973A826B9D3D90048E855 /* 7l_AndrianovIgor */,
			);
			name = Products;
			sourceTree = "<group>";
		};
		784973AA26B9D3D90048E855 /* 7l_AndrianovIgor */ = {
			isa = PBXGroup;
			children = (
				784973AB26B9D3D90048E855 /* main.swift */,
				784973B226B9D4890048E855 /* Castle.swift */,
				784973B426BAF4D10048E855 /* Server.swift */,
				784973B826C186CB0048E855 /* ErrorPictureServer */,
			);
			path = 7l_AndrianovIgor;
			sourceTree = "<group>";
		};
		784973B826C186CB0048E855 /* ErrorPictureServer */ = {
			isa = PBXGroup;
			children = (
				784973B926C186E90048E855 /* ErrorHandler.swift */,
				784973BB26C18BEB0048E855 /* ErrorEnum.swift */,
			);
			path = ErrorPictureServer;
			sourceTree = "<group>";
		};
/* End PBXGroup section */

/* Begin PBXNativeTarget section */
		784973A726B9D3D90048E855 /* 7l_AndrianovIgor */ = {
			isa = PBXNativeTarget;
			buildConfigurationList = 784973AF26B9D3D90048E855 /* Build configuration list for PBXNativeTarget "7l_AndrianovIgor" */;
			buildPhases = (
				784973A426B9D3D90048E855 /* Sources */,
				784973A526B9D3D90048E855 /* Frameworks */,
				784973A626B9D3D90048E855 /* CopyFiles */,
			);
			buildRules = (
			);
			dependencies = (
			);
			name = 7l_AndrianovIgor;
			productName = 7l_AndrianovIgor;
			productReference = 784973A826B9D3D90048E855 /* 7l_AndrianovIgor */;
			productType = "com.apple.product-type.tool";
		};
/* End PBXNativeTarget section */

/* Begin PBXProject section */
		784973A026B9D3D90048E855 /* Project object */ = {
			isa = PBXProject;
			attributes = {
				LastSwiftUpdateCheck = 1250;
				LastUpgradeCheck = 1250;
				TargetAttributes = {
					784973A726B9D3D90048E855 = {
						CreatedOnToolsVersion = 12.5.1;
					};
				};
			};
			buildConfigurationList = 784973A326B9D3D90048E855 /* Build configuration list for PBXProject "7l_AndrianovIgor" */;
			compatibilityVersion = "Xcode 9.3";
			developmentRegion = en;
			hasScannedForEncodings = 0;
			knownRegions = (
				en,
				Base,
			);
			mainGroup = 7849739F26B9D3D90048E855;
			productRefGroup = 784973A926B9D3D90048E855 /* Products */;
			projectDirPath = "";
			projectRoot = "";
			targets = (
				784973A726B9D3D90048E855 /* 7l_AndrianovIgor */,
			);
		};
/* End PBXProject section */

/* Begin PBXSourcesBuildPhase section */
		784973A426B9D3D90048E855 /* Sources */ = {
			isa = PBXSourcesBuildPhase;
			buildActionMask = 2147483647;
			files = (
				784973BC26C18BEB0048E855 /* ErrorEnum.swift in Sources */,
				784973BA26C186E90048E855 /* ErrorHandler.swift in Sources */,
				784973AC26B9D3D90048E855 /* main.swift in Sources */,
				784973B326B9D4890048E855 /* Castle.swift in Sources */,
				784973B526BAF4D10048E855 /* Server.swift in Sources */,
			);
			runOnlyForDeploymentPostprocessing = 0;
		};
/* End PBXSourcesBuildPhase section */

/* Begin XCBuildConfiguration section */
		784973AD26B9D3D90048E855 /* Debug */ = {
			isa = XCBuildConfiguration;
			buildSettings = {
				ALWAYS_SEARCH_USER_PATHS = NO;
				CLANG_ANALYZER_NONNULL = YES;
				CLANG_ANALYZER_NUMBER_OBJECT_CONVERSION = YES_AGGRESSIVE;
				CLANG_CXX_LANGUAGE_STANDARD = "gnu++14";
				CLANG_CXX_LIBRARY = "libc++";
				CLANG_ENABLE_MODULES = YES;
				CLANG_ENABLE_OBJC_ARC = YES;
				CLANG_ENABLE_OBJC_WEAK = YES;
				CLANG_WARN_BLOCK_CAPTURE_AUTORELEASING = YES;
				CLANG_WARN_BOOL_CONVERSION = YES;
				CLANG_WARN_COMMA = YES;
				CLANG_WARN_CONSTANT_CONVERSION = YES;
				CLANG_WARN_DEPRECATED_OBJC_IMPLEMENTATIONS = YES;
				CLANG_WARN_DIRECT_OBJC_ISA_USAGE = YES_ERROR;
				CLANG_WARN_DOCUMENTATION_COMMENTS = YES;
				CLANG_WARN_EMPTY_BODY = YES;
				CLANG_WARN_ENUM_CONVERSION = YES;
				CLANG_WARN_INFINITE_RECURSION = YES;
				CLANG_WARN_INT_CONVERSION = YES;
				CLANG_WARN_NON_LITERAL_NULL_CONVERSION = YES;
				CLANG_WARN_OBJC_IMPLICIT_RETAIN_SELF = YES;
				CLANG_WARN_OBJC_LITERAL_CONVERSION = YES;
				CLANG_WARN_OBJC_ROOT_CLASS = YES_ERROR;
				CLANG_WARN_QUOTED_INCLUDE_IN_FRAMEWORK_HEADER = YES;
				CLANG_WARN_RANGE_LOOP_ANALYSIS = YES;
				CLANG_WARN_STRICT_PROTOTYPES = YES;
				CLANG_WARN_SUSPICIOUS_MOVE = YES;
				CLANG_WARN_UNGUARDED_AVAILABILITY = YES_AGGRESSIVE;
				CLANG_WARN_UNREACHABLE_CODE = YES;
				CLANG_WARN__DUPLICATE_METHOD_MATCH = YES;
				COPY_PHASE_STRIP = NO;
				DEBUG_INFORMATION_FORMAT = dwarf;
				ENABLE_STRICT_OBJC_MSGSEND = YES;
				ENABLE_TESTABILITY = YES;
				GCC_C_LANGUAGE_STANDARD = gnu11;
				GCC_DYNAMIC_NO_PIC = NO;
				GCC_NO_COMMON_BLOCKS = YES;
				GCC_OPTIMIZATION_LEVEL = 0;
				GCC_PREPROCESSOR_DEFINITIONS = (
					"DEBUG=1",
					"$(inherited)",
				);
				GCC_WARN_64_TO_32_BIT_CONVERSION = YES;
				GCC_WARN_ABOUT_RETURN_TYPE = YES_ERROR;
				GCC_WARN_UNDECLARED_SELECTOR = YES;
				GCC_WARN_UNINITIALIZED_AUTOS = YES_AGGRESSIVE;
				GCC_WARN_UNUSED_FUNCTION = YES;
				GCC_WARN_UNUSED_VARIABLE = YES;
				MACOSX_DEPLOYMENT_TARGET = 11.3;
				MTL_ENABLE_DEBUG_INFO = INCLUDE_SOURCE;
				MTL_FAST_MATH = YES;
				ONLY_ACTIVE_ARCH = YES;
				SDKROOT = macosx;
				SWIFT_ACTIVE_COMPILATION_CONDITIONS = DEBUG;
				SWIFT_OPTIMIZATION_LEVEL = "-Onone";
			};
			name = Debug;
		};
		784973AE26B9D3D90048E855 /* Release */ = {
			isa = XCBuildConfiguration;
			buildSettings = {
				ALWAYS_SEARCH_USER_PATHS = NO;
				CLANG_ANALYZER_NONNULL = YES;
				CLANG_ANALYZER_NUMBER_OBJECT_CONVERSION = YES_AGGRESSIVE;
				CLANG_CXX_LANGUAGE_STANDARD = "gnu++14";
				CLANG_CXX_LIBRARY = "libc++";
				CLANG_ENABLE_MODULES = YES;
				CLANG_ENABLE_OBJC_ARC = YES;
				CLANG_ENABLE_OBJC_WEAK = YES;
				CLANG_WARN_BLOCK_CAPTURE_AUTORELEASING = YES;
				CLANG_WARN_BOOL_CONVERSION = YES;
				CLANG_WARN_COMMA = YES;
				CLANG_WARN_CONSTANT_CONVERSION = YES;
				CLANG_WARN_DEPRECATED_OBJC_IMPLEMENTATIONS = YES;
				CLANG_WARN_DIRECT_OBJC_ISA_USAGE = YES_ERROR;
				CLANG_WARN_DOCUMENTATION_COMMENTS = YES;
				CLANG_WARN_EMPTY_BODY = YES;
				CLANG_WARN_ENUM_CONVERSION = YES;
				CLANG_WARN_INFINITE_RECURSION = YES;
				CLANG_WARN_INT_CONVERSION = YES;
				CLANG_WARN_NON_LITERAL_NULL_CONVERSION = YES;
				CLANG_WARN_OBJC_IMPLICIT_RETAIN_SELF = YES;
				CLANG_WARN_OBJC_LITERAL_CONVERSION = YES;
				CLANG_WARN_OBJC_ROOT_CLASS = YES_ERROR;
				CLANG_WARN_QUOTED_INCLUDE_IN_FRAMEWORK_HEADER = YES;
				CLANG_WARN_RANGE_LOOP_ANALYSIS = YES;
				CLANG_WARN_STRICT_PROTOTYPES = YES;
				CLANG_WARN_SUSPICIOUS_MOVE = YES;
				CLANG_WARN_UNGUARDED_AVAILABILITY = YES_AGGRESSIVE;
				CLANG_WARN_UNREACHABLE_CODE = YES;
				CLANG_WARN__DUPLICATE_METHOD_MATCH = YES;
				COPY_PHASE_STRIP = NO;
				DEBUG_INFORMATION_FORMAT = "dwarf-with-dsym";
				ENABLE_NS_ASSERTIONS = NO;
				ENABLE_STRICT_OBJC_MSGSEND = YES;
				GCC_C_LANGUAGE_STANDARD = gnu11;
				GCC_NO_COMMON_BLOCKS = YES;
				GCC_WARN_64_TO_32_BIT_CONVERSION = YES;
				GCC_WARN_ABOUT_RETURN_TYPE = YES_ERROR;
				GCC_WARN_UNDECLARED_SELECTOR = YES;
				GCC_WARN_UNINITIALIZED_AUTOS = YES_AGGRESSIVE;
				GCC_WARN_UNUSED_FUNCTION = YES;
				GCC_WARN_UNUSED_VARIABLE = YES;
				MACOSX_DEPLOYMENT_TARGET = 11.3;
				MTL_ENABLE_DEBUG_INFO = NO;
				MTL_FAST_MATH = YES;
				SDKROOT = macosx;
				SWIFT_COMPILATION_MODE = wholemodule;
				SWIFT_OPTIMIZATION_LEVEL = "-O";
			};
			name = Release;
		};
		784973B026B9D3D90048E855 /* Debug */ = {
			isa = XCBuildConfiguration;
			buildSettings = {
				CODE_SIGN_STYLE = Automatic;
				DEVELOPMENT_TEAM = LKF6A6MC84;
				ENABLE_HARDENED_RUNTIME = YES;
				PRODUCT_NAME = "$(TARGET_NAME)";
				SWIFT_VERSION = 5.0;
			};
			name = Debug;
		};
		784973B126B9D3D90048E855 /* Release */ = {
			isa = XCBuildConfiguration;
			buildSettings = {
				CODE_SIGN_STYLE = Automatic;
				DEVELOPMENT_TEAM = LKF6A6MC84;
				ENABLE_HARDENED_RUNTIME = YES;
				PRODUCT_NAME = "$(TARGET_NAME)";
				SWIFT_VERSION = 5.0;
			};
			name = Release;
		};
/* End XCBuildConfiguration section */

/* Begin XCConfigurationList section */
		784973A326B9D3D90048E855 /* Build configuration list for PBXProject "7l_AndrianovIgor" */ = {
			isa = XCConfigurationList;
			buildConfigurations = (
				784973AD26B9D3D90048E855 /* Debug */,
				784973AE26B9D3D90048E855 /* Release */,
			);
			defaultConfigurationIsVisible = 0;
			defaultConfigurationName = Release;
		};
		784973AF26B9D3D90048E855 /* Build configuration list for PBXNativeTarget "7l_AndrianovIgor" */ = {
			isa = XCConfigurationList;
			buildConfigurations = (
				784973B026B9D3D90048E855 /* Debug */,
				784973B126B9D3D90048E855 /* Release */,
			);
			defaultConfigurationIsVisible = 0;
			defaultConfigurationName = Release;
		};
/* End XCConfigurationList section */
	};
	rootObject = 784973A026B9D3D90048E855 /* Project object */;
}
